Microsoft Visual Studio Solution File, Format Version 12.00
# Visual Studio 14
VisualStudioVersion = 14.0.25420.1
MinimumVisualStudioVersion = 10.0.40219.1
Project("{2150E333-8FDC-42A3-9474-1A3956D46DE8}") = "(skia_knief)", "(skia_knief)", "{84CFA046-7750-9920-B19C-7D1CA716B398}"
EndProject
Project("{2150E333-8FDC-42A3-9474-1A3956D46DE8}") = "(third_party)", "(third_party)", "{39E648A4-ED51-846D-0771-EF4AB3BBBBF2}"
EndProject
Project("{2150E333-8FDC-42A3-9474-1A3956D46DE8}") = "(angle2)", "(angle2)", "{FB7330D3-E09C-CDDA-7F42-02FD988C7E6B}"
EndProject
Project("{2150E333-8FDC-42A3-9474-1A3956D46DE8}") = "(expat)", "(expat)", "{FE93F336-6432-FFC4-B52C-C1EB0C1C1C86}"
EndProject
Project("{2150E333-8FDC-42A3-9474-1A3956D46DE8}") = "(imgui)", "(imgui)", "{5EF6C9CB-8135-0469-2DA1-4D4C0EA897C0}"
EndProject
Project("{2150E333-8FDC-42A3-9474-1A3956D46DE8}") = "(jsoncpp)", "(jsoncpp)", "{FE23A2D9-F16D-7EC7-1CFB-B08FD787F2A7}"
EndProject
Project("{2150E333-8FDC-42A3-9474-1A3956D46DE8}") = "(libjpeg-turbo)", "(libjpeg-turbo)", "{75276176-0011-2E47-FF0E-C0BD6FF95693}"
EndProject
Project("{2150E333-8FDC-42A3-9474-1A3956D46DE8}") = "(libmicrohttpd)", "(libmicrohttpd)", "{3E3CD6FC-F8A9-E7B8-C529-C5CF720EECA0}"
EndProject
Project("{2150E333-8FDC-42A3-9474-1A3956D46DE8}") = "(libpng)", "(libpng)", "{D1607203-2193-20E6-9B82-C3DDC9C01829}"
EndProject
Project("{2150E333-8FDC-42A3-9474-1A3956D46DE8}") = "(libwebp)", "(libwebp)", "{A783AF7B-F3F6-B0C5-8C87-2642E949B008}"
EndProject
Project("{2150E333-8FDC-42A3-9474-1A3956D46DE8}") = "(spirv-tools)", "(spirv-tools)", "{09808872-9B80-EA6D-9409-77ACEC7B1259}"
EndProject
Project("{2150E333-8FDC-42A3-9474-1A3956D46DE8}") = "(zlib)", "(zlib)", "{A54F206A-45C6-1F24-8274-E03142E993CF}"
EndProject
Project("{8BC9CEB8-8B4A-11D0-8D11-00A0C91BC942}") = "SampleApp", "vcxproj\SampleApp.vcxproj", "{946C4AA8-BD92-0DA4-BD0A-EE43DC5B3736}"
	ProjectSection(ProjectDependencies) = postProject
		{CE9E5917-3524-0A25-228B-691C1987EB78} = {CE9E5917-3524-0A25-228B-691C1987EB78}
		{403F0C53-1155-49D7-99FE-BD1E7E857D0D} = {403F0C53-1155-49D7-99FE-BD1E7E857D0D}
		{F1109C5B-A727-BED9-F752-9A468FECAB72} = {F1109C5B-A727-BED9-F752-9A468FECAB72}
		{06402C6F-978D-75C0-D992-EF996BAC2213} = {06402C6F-978D-75C0-D992-EF996BAC2213}
		{CDBF2871-85B5-6877-291D-3F60F0361E98} = {CDBF2871-85B5-6877-291D-3F60F0361E98}
		{578CA490-EF7F-72D9-5F97-15D91B0D46FC} = {578CA490-EF7F-72D9-5F97-15D91B0D46FC}
		{FDAD75F4-488B-89F2-B50B-9574BF467655} = {FDAD75F4-488B-89F2-B50B-9574BF467655}
	EndProjectSection
EndProject
Project("{8BC9CEB8-8B4A-11D0-8D11-00A0C91BC942}") = "avx", "vcxproj\avx.vcxproj", "{55D0A883-EE2A-043E-9C13-15C20641F21A}"
EndProject
Project("{8BC9CEB8-8B4A-11D0-8D11-00A0C91BC942}") = "bench", "vcxproj\bench.vcxproj", "{01FC93FD-111F-257A-90FE-08A2A04B15A2}"
EndProject
Project("{8BC9CEB8-8B4A-11D0-8D11-00A0C91BC942}") = "bookmaker", "vcxproj\bookmaker.vcxproj", "{29040412-8E2A-C033-53B3-3629338BE6A5}"
EndProject
Project("{8BC9CEB8-8B4A-11D0-8D11-00A0C91BC942}") = "colorspaceinfo", "vcxproj\colorspaceinfo.vcxproj", "{64B8F8CB-6FA9-8D05-E82D-8D852C87F899}"
EndProject
Project("{8BC9CEB8-8B4A-11D0-8D11-00A0C91BC942}") = "common_flags", "vcxproj\common_flags.vcxproj", "{F66ADF67-6DA1-E299-F300-FDA7FA78432A}"
EndProject
Project("{8BC9CEB8-8B4A-11D0-8D11-00A0C91BC942}") = "create_flutter_test_images", "vcxproj\create_flutter_test_images.vcxproj", "{2777FB4F-2899-6189-1294-D77FF827D8AB}"
EndProject
Project("{8BC9CEB8-8B4A-11D0-8D11-00A0C91BC942}") = "create_test_font", "vcxproj\create_test_font.vcxproj", "{C55D9626-548B-BF84-C240-F9CC1F5A9599}"
EndProject
Project("{8BC9CEB8-8B4A-11D0-8D11-00A0C91BC942}") = "dm", "vcxproj\dm.vcxproj", "{D7EB6950-7E2A-935D-8ECD-49FA789FEAA3}"
EndProject
Project("{8BC9CEB8-8B4A-11D0-8D11-00A0C91BC942}") = "dump_record", "vcxproj\dump_record.vcxproj", "{51B5C6E7-A7EF-A54E-BF86-F6CB8B5B3F5B}"
EndProject
Project("{8BC9CEB8-8B4A-11D0-8D11-00A0C91BC942}") = "effects", "vcxproj\effects.vcxproj", "{75E68827-4F78-C483-C801-4317965E5411}"
EndProject
Project("{8BC9CEB8-8B4A-11D0-8D11-00A0C91BC942}") = "experimental_svg_model", "vcxproj\experimental_svg_model.vcxproj", "{403F0C53-1155-49D7-99FE-BD1E7E857D0D}"
EndProject
Project("{8BC9CEB8-8B4A-11D0-8D11-00A0C91BC942}") = "fiddle", "vcxproj\fiddle.vcxproj", "{41BB1DFA-4A1A-409A-A36D-1832008B2463}"
EndProject
Project("{8BC9CEB8-8B4A-11D0-8D11-00A0C91BC942}") = "flags", "vcxproj\flags.vcxproj", "{198E4160-BB12-D71A-B3A5-B29E4A4D72B4}"
EndProject
Project("{8BC9CEB8-8B4A-11D0-8D11-00A0C91BC942}") = "fuzz", "vcxproj\fuzz.vcxproj", "{9C1326F3-F8D4-3DD0-1855-3ACB0B77CE84}"
EndProject
Project("{8BC9CEB8-8B4A-11D0-8D11-00A0C91BC942}") = "get_images_from_skps", "vcxproj\get_images_from_skps.vcxproj", "{01544FA2-AF88-FF6B-42F8-38F6E711E317}"
EndProject
Project("{8BC9CEB8-8B4A-11D0-8D11-00A0C91BC942}") = "gm", "vcxproj\gm.vcxproj", "{C9C17972-8F51-3EDB-707C-570CD75575BE}"
EndProject
Project("{8BC9CEB8-8B4A-11D0-8D11-00A0C91BC942}") = "gpu", "vcxproj\gpu.vcxproj", "{5DEFF711-7245-0947-D035-02D558F21D35}"
	ProjectSection(ProjectDependencies) = postProject
		{E320E74D-5C59-AF60-81CB-8E46A0F8AD77} = {E320E74D-5C59-AF60-81CB-8E46A0F8AD77}
		{41E222D0-B57F-66CE-E57E-A2A90653F71F} = {41E222D0-B57F-66CE-E57E-A2A90653F71F}
	EndProjectSection
EndProject
Project("{8BC9CEB8-8B4A-11D0-8D11-00A0C91BC942}") = "gpu_tool_utils", "vcxproj\gpu_tool_utils.vcxproj", "{06402C6F-978D-75C0-D992-EF996BAC2213}"
EndProject
Project("{8BC9CEB8-8B4A-11D0-8D11-00A0C91BC942}") = "jpeg", "vcxproj\jpeg.vcxproj", "{1C85698E-C85E-F371-F6D3-E2EE6F283AA4}"
	ProjectSection(ProjectDependencies) = postProject
		{234ADB4C-E59D-4B97-2E81-085BBEB977E8} = {234ADB4C-E59D-4B97-2E81-085BBEB977E8}
	EndProjectSection
EndProject
Project("{8BC9CEB8-8B4A-11D0-8D11-00A0C91BC942}") = "nanobench", "vcxproj\nanobench.vcxproj", "{1CFF0B11-77A9-274F-6EE1-985C8E0C2099}"
EndProject
Project("{8BC9CEB8-8B4A-11D0-8D11-00A0C91BC942}") = "ok", "vcxproj\ok.vcxproj", "{D561CDFA-429F-32A7-5C88-16E055B08806}"
EndProject
Project("{8BC9CEB8-8B4A-11D0-8D11-00A0C91BC942}") = "pathops_unittest", "vcxproj\pathops_unittest.vcxproj", "{029A1F30-92AC-BD3A-AA30-1AAD56A10BF1}"
EndProject
Project("{8BC9CEB8-8B4A-11D0-8D11-00A0C91BC942}") = "pdf", "vcxproj\pdf.vcxproj", "{FDAD75F4-488B-89F2-B50B-9574BF467655}"
EndProject
Project("{8BC9CEB8-8B4A-11D0-8D11-00A0C91BC942}") = "png", "vcxproj\png.vcxproj", "{2775F648-88DC-3177-2666-513DF7CA6450}"
	ProjectSection(ProjectDependencies) = postProject
		{CE43D86E-B130-CDDB-F2C8-B8735B8747FD} = {CE43D86E-B130-CDDB-F2C8-B8735B8747FD}
	EndProjectSection
EndProject
Project("{8BC9CEB8-8B4A-11D0-8D11-00A0C91BC942}") = "samples", "vcxproj\samples.vcxproj", "{A0435B9C-1904-CC1E-9A30-2C7540538F83}"
EndProject
Project("{8BC9CEB8-8B4A-11D0-8D11-00A0C91BC942}") = "skdiff", "vcxproj\skdiff.vcxproj", "{D91E83D6-8EB8-488E-BDE4-A53F47435A8A}"
EndProject
Project("{8BC9CEB8-8B4A-11D0-8D11-00A0C91BC942}") = "skia", "vcxproj\skia.vcxproj", "{CDBF2871-85B5-6877-291D-3F60F0361E98}"
	ProjectSection(ProjectDependencies) = postProject
		{5DEFF711-7245-0947-D035-02D558F21D35} = {5DEFF711-7245-0947-D035-02D558F21D35}
		{75E68827-4F78-C483-C801-4317965E5411} = {75E68827-4F78-C483-C801-4317965E5411}
		{7D7BE23E-3FC9-B48A-99CA-C14F80EBDA39} = {7D7BE23E-3FC9-B48A-99CA-C14F80EBDA39}
		{2775F648-88DC-3177-2666-513DF7CA6450} = {2775F648-88DC-3177-2666-513DF7CA6450}
		{55D0A883-EE2A-043E-9C13-15C20641F21A} = {55D0A883-EE2A-043E-9C13-15C20641F21A}
		{1C85698E-C85E-F371-F6D3-E2EE6F283AA4} = {1C85698E-C85E-F371-F6D3-E2EE6F283AA4}
		{1F426F98-3333-DEA0-1D58-615727DDAF12} = {1F426F98-3333-DEA0-1D58-615727DDAF12}
		{AAE16BD1-F076-E829-1A8D-C97928D506A3} = {AAE16BD1-F076-E829-1A8D-C97928D506A3}
		{DF561BD7-A985-0A40-BF63-125864B6E16A} = {DF561BD7-A985-0A40-BF63-125864B6E16A}
		{8F6A5EDA-E3EB-C038-1B81-9AE1DF32A014} = {8F6A5EDA-E3EB-C038-1B81-9AE1DF32A014}
	EndProjectSection
EndProject
Project("{8BC9CEB8-8B4A-11D0-8D11-00A0C91BC942}") = "skiaserve", "vcxproj\skiaserve.vcxproj", "{5261D19A-F925-E8AB-DAF7-2759F8CE6913}"
	ProjectSection(ProjectDependencies) = postProject
		{25D50056-E294-189F-2EF2-E4D1557002A3} = {25D50056-E294-189F-2EF2-E4D1557002A3}
		{29F8A48F-F1C5-FCA6-A327-3BECACBA7337} = {29F8A48F-F1C5-FCA6-A327-3BECACBA7337}
	EndProjectSection
EndProject
Project("{8BC9CEB8-8B4A-11D0-8D11-00A0C91BC942}") = "skp_parser", "vcxproj\skp_parser.vcxproj", "{9641602A-6BA5-C7D7-E6BA-427A3CD7828E}"
EndProject
Project("{8BC9CEB8-8B4A-11D0-8D11-00A0C91BC942}") = "skpbench", "vcxproj\skpbench.vcxproj", "{B7B9C68D-9AE6-BEFB-BFA0-B4A55D3DE07A}"
EndProject
Project("{8BC9CEB8-8B4A-11D0-8D11-00A0C91BC942}") = "skpinfo", "vcxproj\skpinfo.vcxproj", "{ADF6F9A2-41C3-8306-8015-D6FF8C89D97A}"
EndProject
Project("{8BC9CEB8-8B4A-11D0-8D11-00A0C91BC942}") = "sktexttopdf", "vcxproj\sktexttopdf.vcxproj", "{21007119-291B-1E04-850B-6E87A4863332}"
EndProject
Project("{8BC9CEB8-8B4A-11D0-8D11-00A0C91BC942}") = "sse2", "vcxproj\sse2.vcxproj", "{7D7BE23E-3FC9-B48A-99CA-C14F80EBDA39}"
EndProject
Project("{8BC9CEB8-8B4A-11D0-8D11-00A0C91BC942}") = "sse41", "vcxproj\sse41.vcxproj", "{1F426F98-3333-DEA0-1D58-615727DDAF12}"
EndProject
Project("{8BC9CEB8-8B4A-11D0-8D11-00A0C91BC942}") = "sse42", "vcxproj\sse42.vcxproj", "{8F6A5EDA-E3EB-C038-1B81-9AE1DF32A014}"
EndProject
Project("{8BC9CEB8-8B4A-11D0-8D11-00A0C91BC942}") = "ssse3", "vcxproj\ssse3.vcxproj", "{DF561BD7-A985-0A40-BF63-125864B6E16A}"
EndProject
Project("{8BC9CEB8-8B4A-11D0-8D11-00A0C91BC942}") = "tests", "vcxproj\tests.vcxproj", "{4F0C29AC-9CC4-F0DF-06AD-508A95D62899}"
EndProject
Project("{8BC9CEB8-8B4A-11D0-8D11-00A0C91BC942}") = "libEGL", "vcxproj\third_party\angle2\libEGL.vcxproj", "{E320E74D-5C59-AF60-81CB-8E46A0F8AD77}"
	ProjectSection(ProjectDependencies) = postProject
		{744E5B70-1876-D95E-18D1-CA8378359530} = {744E5B70-1876-D95E-18D1-CA8378359530}
	EndProjectSection
EndProject
Project("{8BC9CEB8-8B4A-11D0-8D11-00A0C91BC942}") = "libGLESv2", "vcxproj\third_party\angle2\libGLESv2.vcxproj", "{744E5B70-1876-D95E-18D1-CA8378359530}"
EndProject
Project("{8BC9CEB8-8B4A-11D0-8D11-00A0C91BC942}") = "expat", "vcxproj\third_party\expat\expat.vcxproj", "{746C00F6-6219-40C2-1300-F89F2AF3493B}"
EndProject
Project("{8BC9CEB8-8B4A-11D0-8D11-00A0C91BC942}") = "imgui", "vcxproj\third_party\imgui\imgui.vcxproj", "{D6A41B9A-30E6-E717-1564-78BA117C8143}"
EndProject
Project("{8BC9CEB8-8B4A-11D0-8D11-00A0C91BC942}") = "jsoncpp", "vcxproj\third_party\jsoncpp\jsoncpp.vcxproj", "{29F8A48F-F1C5-FCA6-A327-3BECACBA7337}"
EndProject
Project("{8BC9CEB8-8B4A-11D0-8D11-00A0C91BC942}") = "libjpeg", "vcxproj\third_party\libjpeg-turbo\libjpeg.vcxproj", "{234ADB4C-E59D-4B97-2E81-085BBEB977E8}"
EndProject
Project("{8BC9CEB8-8B4A-11D0-8D11-00A0C91BC942}") = "libmicrohttpd", "vcxproj\third_party\libmicrohttpd\libmicrohttpd.vcxproj", "{25D50056-E294-189F-2EF2-E4D1557002A3}"
EndProject
Project("{8BC9CEB8-8B4A-11D0-8D11-00A0C91BC942}") = "libpng", "vcxproj\third_party\libpng\libpng.vcxproj", "{CE43D86E-B130-CDDB-F2C8-B8735B8747FD}"
	ProjectSection(ProjectDependencies) = postProject
		{65F8809A-0C84-7D3E-F9A6-174F506E5369} = {65F8809A-0C84-7D3E-F9A6-174F506E5369}
	EndProjectSection
EndProject
Project("{8BC9CEB8-8B4A-11D0-8D11-00A0C91BC942}") = "libwebp", "vcxproj\third_party\libwebp\libwebp.vcxproj", "{0E1DFDF0-83B5-6D68-38CB-164D4EAA2B8C}"
EndProject
Project("{8BC9CEB8-8B4A-11D0-8D11-00A0C91BC942}") = "libwebp_avx2", "vcxproj\third_party\libwebp\libwebp_avx2.vcxproj", "{D02FA32C-51FD-2A5C-7983-211759CFD98A}"
EndProject
Project("{8BC9CEB8-8B4A-11D0-8D11-00A0C91BC942}") = "libwebp_sse41", "vcxproj\third_party\libwebp\libwebp_sse41.vcxproj", "{935D806F-ADA7-B76E-CDC1-44221E4FEE33}"
EndProject
Project("{8BC9CEB8-8B4A-11D0-8D11-00A0C91BC942}") = "spirv-tools", "vcxproj\third_party\spirv-tools\spirv-tools.vcxproj", "{41E222D0-B57F-66CE-E57E-A2A90653F71F}"
EndProject
Project("{8BC9CEB8-8B4A-11D0-8D11-00A0C91BC942}") = "zlib", "vcxproj\third_party\zlib\zlib.vcxproj", "{65F8809A-0C84-7D3E-F9A6-174F506E5369}"
	ProjectSection(ProjectDependencies) = postProject
		{FB14E7B4-5D90-1790-5E65-A135D51FC7D7} = {FB14E7B4-5D90-1790-5E65-A135D51FC7D7}
	EndProjectSection
EndProject
Project("{8BC9CEB8-8B4A-11D0-8D11-00A0C91BC942}") = "zlib_x86", "vcxproj\third_party\zlib\zlib_x86.vcxproj", "{FB14E7B4-5D90-1790-5E65-A135D51FC7D7}"
EndProject
Project("{8BC9CEB8-8B4A-11D0-8D11-00A0C91BC942}") = "tool_utils", "vcxproj\tool_utils.vcxproj", "{578CA490-EF7F-72D9-5F97-15D91B0D46FC}"
EndProject
Project("{8BC9CEB8-8B4A-11D0-8D11-00A0C91BC942}") = "viewer", "vcxproj\viewer.vcxproj", "{B8E95163-6C87-932A-5EEC-594BA4CF2493}"
	ProjectSection(ProjectDependencies) = postProject
		{C9C17972-8F51-3EDB-707C-570CD75575BE} = {C9C17972-8F51-3EDB-707C-570CD75575BE}
		{29F8A48F-F1C5-FCA6-A327-3BECACBA7337} = {29F8A48F-F1C5-FCA6-A327-3BECACBA7337}
		{D6A41B9A-30E6-E717-1564-78BA117C8143} = {D6A41B9A-30E6-E717-1564-78BA117C8143}
	EndProjectSection
EndProject
Project("{8BC9CEB8-8B4A-11D0-8D11-00A0C91BC942}") = "views", "vcxproj\views.vcxproj", "{CE9E5917-3524-0A25-228B-691C1987EB78}"
EndProject
Project("{8BC9CEB8-8B4A-11D0-8D11-00A0C91BC942}") = "webp", "vcxproj\webp.vcxproj", "{AAE16BD1-F076-E829-1A8D-C97928D506A3}"
	ProjectSection(ProjectDependencies) = postProject
		{D02FA32C-51FD-2A5C-7983-211759CFD98A} = {D02FA32C-51FD-2A5C-7983-211759CFD98A}
		{935D806F-ADA7-B76E-CDC1-44221E4FEE33} = {935D806F-ADA7-B76E-CDC1-44221E4FEE33}
		{0E1DFDF0-83B5-6D68-38CB-164D4EAA2B8C} = {0E1DFDF0-83B5-6D68-38CB-164D4EAA2B8C}
	EndProjectSection
EndProject
Project("{8BC9CEB8-8B4A-11D0-8D11-00A0C91BC942}") = "xml", "vcxproj\xml.vcxproj", "{F1109C5B-A727-BED9-F752-9A468FECAB72}"
	ProjectSection(ProjectDependencies) = postProject
		{746C00F6-6219-40C2-1300-F89F2AF3493B} = {746C00F6-6219-40C2-1300-F89F2AF3493B}
	EndProjectSection
EndProject
Global
	GlobalSection(SolutionConfigurationPlatforms) = preSolution
		Debug|x64 = Debug|x64
	EndGlobalSection
	GlobalSection(ProjectConfigurationPlatforms) = postSolution
		{946C4AA8-BD92-0DA4-BD0A-EE43DC5B3736}.Debug|x64.ActiveCfg = Debug|x64
		{946C4AA8-BD92-0DA4-BD0A-EE43DC5B3736}.Debug|x64.Build.0 = Debug|x64
		{55D0A883-EE2A-043E-9C13-15C20641F21A}.Debug|x64.ActiveCfg = Debug|x64
		{55D0A883-EE2A-043E-9C13-15C20641F21A}.Debug|x64.Build.0 = Debug|x64
		{01FC93FD-111F-257A-90FE-08A2A04B15A2}.Debug|x64.ActiveCfg = Debug|x64
		{01FC93FD-111F-257A-90FE-08A2A04B15A2}.Debug|x64.Build.0 = Debug|x64
		{29040412-8E2A-C033-53B3-3629338BE6A5}.Debug|x64.ActiveCfg = Debug|x64
		{29040412-8E2A-C033-53B3-3629338BE6A5}.Debug|x64.Build.0 = Debug|x64
		{64B8F8CB-6FA9-8D05-E82D-8D852C87F899}.Debug|x64.ActiveCfg = Debug|x64
		{64B8F8CB-6FA9-8D05-E82D-8D852C87F899}.Debug|x64.Build.0 = Debug|x64
		{F66ADF67-6DA1-E299-F300-FDA7FA78432A}.Debug|x64.ActiveCfg = Debug|x64
		{F66ADF67-6DA1-E299-F300-FDA7FA78432A}.Debug|x64.Build.0 = Debug|x64
		{2777FB4F-2899-6189-1294-D77FF827D8AB}.Debug|x64.ActiveCfg = Debug|x64
		{2777FB4F-2899-6189-1294-D77FF827D8AB}.Debug|x64.Build.0 = Debug|x64
		{C55D9626-548B-BF84-C240-F9CC1F5A9599}.Debug|x64.ActiveCfg = Debug|x64
		{C55D9626-548B-BF84-C240-F9CC1F5A9599}.Debug|x64.Build.0 = Debug|x64
		{D7EB6950-7E2A-935D-8ECD-49FA789FEAA3}.Debug|x64.ActiveCfg = Debug|x64
		{D7EB6950-7E2A-935D-8ECD-49FA789FEAA3}.Debug|x64.Build.0 = Debug|x64
		{51B5C6E7-A7EF-A54E-BF86-F6CB8B5B3F5B}.Debug|x64.ActiveCfg = Debug|x64
		{51B5C6E7-A7EF-A54E-BF86-F6CB8B5B3F5B}.Debug|x64.Build.0 = Debug|x64
		{75E68827-4F78-C483-C801-4317965E5411}.Debug|x64.ActiveCfg = Debug|x64
		{75E68827-4F78-C483-C801-4317965E5411}.Debug|x64.Build.0 = Debug|x64
		{403F0C53-1155-49D7-99FE-BD1E7E857D0D}.Debug|x64.ActiveCfg = Debug|x64
		{403F0C53-1155-49D7-99FE-BD1E7E857D0D}.Debug|x64.Build.0 = Debug|x64
		{41BB1DFA-4A1A-409A-A36D-1832008B2463}.Debug|x64.ActiveCfg = Debug|x64
		{41BB1DFA-4A1A-409A-A36D-1832008B2463}.Debug|x64.Build.0 = Debug|x64
		{198E4160-BB12-D71A-B3A5-B29E4A4D72B4}.Debug|x64.ActiveCfg = Debug|x64
		{198E4160-BB12-D71A-B3A5-B29E4A4D72B4}.Debug|x64.Build.0 = Debug|x64
		{9C1326F3-F8D4-3DD0-1855-3ACB0B77CE84}.Debug|x64.ActiveCfg = Debug|x64
		{9C1326F3-F8D4-3DD0-1855-3ACB0B77CE84}.Debug|x64.Build.0 = Debug|x64
		{01544FA2-AF88-FF6B-42F8-38F6E711E317}.Debug|x64.ActiveCfg = Debug|x64
		{01544FA2-AF88-FF6B-42F8-38F6E711E317}.Debug|x64.Build.0 = Debug|x64
		{C9C17972-8F51-3EDB-707C-570CD75575BE}.Debug|x64.ActiveCfg = Debug|x64
		{C9C17972-8F51-3EDB-707C-570CD75575BE}.Debug|x64.Build.0 = Debug|x64
		{5DEFF711-7245-0947-D035-02D558F21D35}.Debug|x64.ActiveCfg = Debug|x64
		{5DEFF711-7245-0947-D035-02D558F21D35}.Debug|x64.Build.0 = Debug|x64
		{06402C6F-978D-75C0-D992-EF996BAC2213}.Debug|x64.ActiveCfg = Debug|x64
		{06402C6F-978D-75C0-D992-EF996BAC2213}.Debug|x64.Build.0 = Debug|x64
		{1C85698E-C85E-F371-F6D3-E2EE6F283AA4}.Debug|x64.ActiveCfg = Debug|x64
		{1C85698E-C85E-F371-F6D3-E2EE6F283AA4}.Debug|x64.Build.0 = Debug|x64
		{1CFF0B11-77A9-274F-6EE1-985C8E0C2099}.Debug|x64.ActiveCfg = Debug|x64
		{1CFF0B11-77A9-274F-6EE1-985C8E0C2099}.Debug|x64.Build.0 = Debug|x64
		{D561CDFA-429F-32A7-5C88-16E055B08806}.Debug|x64.ActiveCfg = Debug|x64
		{D561CDFA-429F-32A7-5C88-16E055B08806}.Debug|x64.Build.0 = Debug|x64
		{029A1F30-92AC-BD3A-AA30-1AAD56A10BF1}.Debug|x64.ActiveCfg = Debug|x64
		{029A1F30-92AC-BD3A-AA30-1AAD56A10BF1}.Debug|x64.Build.0 = Debug|x64
		{FDAD75F4-488B-89F2-B50B-9574BF467655}.Debug|x64.ActiveCfg = Debug|x64
		{FDAD75F4-488B-89F2-B50B-9574BF467655}.Debug|x64.Build.0 = Debug|x64
		{2775F648-88DC-3177-2666-513DF7CA6450}.Debug|x64.ActiveCfg = Debug|x64
		{2775F648-88DC-3177-2666-513DF7CA6450}.Debug|x64.Build.0 = Debug|x64
		{A0435B9C-1904-CC1E-9A30-2C7540538F83}.Debug|x64.ActiveCfg = Debug|x64
		{A0435B9C-1904-CC1E-9A30-2C7540538F83}.Debug|x64.Build.0 = Debug|x64
		{D91E83D6-8EB8-488E-BDE4-A53F47435A8A}.Debug|x64.ActiveCfg = Debug|x64
		{D91E83D6-8EB8-488E-BDE4-A53F47435A8A}.Debug|x64.Build.0 = Debug|x64
		{CDBF2871-85B5-6877-291D-3F60F0361E98}.Debug|x64.ActiveCfg = Debug|x64
		{CDBF2871-85B5-6877-291D-3F60F0361E98}.Debug|x64.Build.0 = Debug|x64
		{5261D19A-F925-E8AB-DAF7-2759F8CE6913}.Debug|x64.ActiveCfg = Debug|x64
		{5261D19A-F925-E8AB-DAF7-2759F8CE6913}.Debug|x64.Build.0 = Debug|x64
		{9641602A-6BA5-C7D7-E6BA-427A3CD7828E}.Debug|x64.ActiveCfg = Debug|x64
		{9641602A-6BA5-C7D7-E6BA-427A3CD7828E}.Debug|x64.Build.0 = Debug|x64
		{B7B9C68D-9AE6-BEFB-BFA0-B4A55D3DE07A}.Debug|x64.ActiveCfg = Debug|x64
		{B7B9C68D-9AE6-BEFB-BFA0-B4A55D3DE07A}.Debug|x64.Build.0 = Debug|x64
		{ADF6F9A2-41C3-8306-8015-D6FF8C89D97A}.Debug|x64.ActiveCfg = Debug|x64
		{ADF6F9A2-41C3-8306-8015-D6FF8C89D97A}.Debug|x64.Build.0 = Debug|x64
		{21007119-291B-1E04-850B-6E87A4863332}.Debug|x64.ActiveCfg = Debug|x64
		{21007119-291B-1E04-850B-6E87A4863332}.Debug|x64.Build.0 = Debug|x64
		{7D7BE23E-3FC9-B48A-99CA-C14F80EBDA39}.Debug|x64.ActiveCfg = Debug|x64
		{7D7BE23E-3FC9-B48A-99CA-C14F80EBDA39}.Debug|x64.Build.0 = Debug|x64
		{1F426F98-3333-DEA0-1D58-615727DDAF12}.Debug|x64.ActiveCfg = Debug|x64
		{1F426F98-3333-DEA0-1D58-615727DDAF12}.Debug|x64.Build.0 = Debug|x64
		{8F6A5EDA-E3EB-C038-1B81-9AE1DF32A014}.Debug|x64.ActiveCfg = Debug|x64
		{8F6A5EDA-E3EB-C038-1B81-9AE1DF32A014}.Debug|x64.Build.0 = Debug|x64
		{DF561BD7-A985-0A40-BF63-125864B6E16A}.Debug|x64.ActiveCfg = Debug|x64
		{DF561BD7-A985-0A40-BF63-125864B6E16A}.Debug|x64.Build.0 = Debug|x64
		{4F0C29AC-9CC4-F0DF-06AD-508A95D62899}.Debug|x64.ActiveCfg = Debug|x64
		{4F0C29AC-9CC4-F0DF-06AD-508A95D62899}.Debug|x64.Build.0 = Debug|x64
		{E320E74D-5C59-AF60-81CB-8E46A0F8AD77}.Debug|x64.ActiveCfg = Debug|x64
		{E320E74D-5C59-AF60-81CB-8E46A0F8AD77}.Debug|x64.Build.0 = Debug|x64
		{744E5B70-1876-D95E-18D1-CA8378359530}.Debug|x64.ActiveCfg = Debug|x64
		{744E5B70-1876-D95E-18D1-CA8378359530}.Debug|x64.Build.0 = Debug|x64
		{746C00F6-6219-40C2-1300-F89F2AF3493B}.Debug|x64.ActiveCfg = Debug|x64
		{746C00F6-6219-40C2-1300-F89F2AF3493B}.Debug|x64.Build.0 = Debug|x64
		{D6A41B9A-30E6-E717-1564-78BA117C8143}.Debug|x64.ActiveCfg = Debug|x64
		{D6A41B9A-30E6-E717-1564-78BA117C8143}.Debug|x64.Build.0 = Debug|x64
		{29F8A48F-F1C5-FCA6-A327-3BECACBA7337}.Debug|x64.ActiveCfg = Debug|x64
		{29F8A48F-F1C5-FCA6-A327-3BECACBA7337}.Debug|x64.Build.0 = Debug|x64
		{234ADB4C-E59D-4B97-2E81-085BBEB977E8}.Debug|x64.ActiveCfg = Debug|x64
		{234ADB4C-E59D-4B97-2E81-085BBEB977E8}.Debug|x64.Build.0 = Debug|x64
		{25D50056-E294-189F-2EF2-E4D1557002A3}.Debug|x64.ActiveCfg = Debug|x64
		{25D50056-E294-189F-2EF2-E4D1557002A3}.Debug|x64.Build.0 = Debug|x64
		{CE43D86E-B130-CDDB-F2C8-B8735B8747FD}.Debug|x64.ActiveCfg = Debug|x64
		{CE43D86E-B130-CDDB-F2C8-B8735B8747FD}.Debug|x64.Build.0 = Debug|x64
		{0E1DFDF0-83B5-6D68-38CB-164D4EAA2B8C}.Debug|x64.ActiveCfg = Debug|x64
		{0E1DFDF0-83B5-6D68-38CB-164D4EAA2B8C}.Debug|x64.Build.0 = Debug|x64
		{D02FA32C-51FD-2A5C-7983-211759CFD98A}.Debug|x64.ActiveCfg = Debug|x64
		{D02FA32C-51FD-2A5C-7983-211759CFD98A}.Debug|x64.Build.0 = Debug|x64
		{935D806F-ADA7-B76E-CDC1-44221E4FEE33}.Debug|x64.ActiveCfg = Debug|x64
		{935D806F-ADA7-B76E-CDC1-44221E4FEE33}.Debug|x64.Build.0 = Debug|x64
		{41E222D0-B57F-66CE-E57E-A2A90653F71F}.Debug|x64.ActiveCfg = Debug|x64
		{41E222D0-B57F-66CE-E57E-A2A90653F71F}.Debug|x64.Build.0 = Debug|x64
		{65F8809A-0C84-7D3E-F9A6-174F506E5369}.Debug|x64.ActiveCfg = Debug|x64
		{65F8809A-0C84-7D3E-F9A6-174F506E5369}.Debug|x64.Build.0 = Debug|x64
		{FB14E7B4-5D90-1790-5E65-A135D51FC7D7}.Debug|x64.ActiveCfg = Debug|x64
		{FB14E7B4-5D90-1790-5E65-A135D51FC7D7}.Debug|x64.Build.0 = Debug|x64
		{578CA490-EF7F-72D9-5F97-15D91B0D46FC}.Debug|x64.ActiveCfg = Debug|x64
		{578CA490-EF7F-72D9-5F97-15D91B0D46FC}.Debug|x64.Build.0 = Debug|x64
		{B8E95163-6C87-932A-5EEC-594BA4CF2493}.Debug|x64.ActiveCfg = Debug|x64
		{B8E95163-6C87-932A-5EEC-594BA4CF2493}.Debug|x64.Build.0 = Debug|x64
		{CE9E5917-3524-0A25-228B-691C1987EB78}.Debug|x64.ActiveCfg = Debug|x64
		{CE9E5917-3524-0A25-228B-691C1987EB78}.Debug|x64.Build.0 = Debug|x64
		{AAE16BD1-F076-E829-1A8D-C97928D506A3}.Debug|x64.ActiveCfg = Debug|x64
		{AAE16BD1-F076-E829-1A8D-C97928D506A3}.Debug|x64.Build.0 = Debug|x64
		{F1109C5B-A727-BED9-F752-9A468FECAB72}.Debug|x64.ActiveCfg = Debug|x64
		{F1109C5B-A727-BED9-F752-9A468FECAB72}.Debug|x64.Build.0 = Debug|x64
	EndGlobalSection
	GlobalSection(SolutionProperties) = preSolution
		HideSolutionNode = FALSE
	EndGlobalSection
	GlobalSection(NestedProjects) = preSolution
		{39E648A4-ED51-846D-0771-EF4AB3BBBBF2} = {84CFA046-7750-9920-B19C-7D1CA716B398}
		{FB7330D3-E09C-CDDA-7F42-02FD988C7E6B} = {39E648A4-ED51-846D-0771-EF4AB3BBBBF2}
		{FE93F336-6432-FFC4-B52C-C1EB0C1C1C86} = {39E648A4-ED51-846D-0771-EF4AB3BBBBF2}
		{5EF6C9CB-8135-0469-2DA1-4D4C0EA897C0} = {39E648A4-ED51-846D-0771-EF4AB3BBBBF2}
		{FE23A2D9-F16D-7EC7-1CFB-B08FD787F2A7} = {39E648A4-ED51-846D-0771-EF4AB3BBBBF2}
		{75276176-0011-2E47-FF0E-C0BD6FF95693} = {39E648A4-ED51-846D-0771-EF4AB3BBBBF2}
		{3E3CD6FC-F8A9-E7B8-C529-C5CF720EECA0} = {39E648A4-ED51-846D-0771-EF4AB3BBBBF2}
		{D1607203-2193-20E6-9B82-C3DDC9C01829} = {39E648A4-ED51-846D-0771-EF4AB3BBBBF2}
		{A783AF7B-F3F6-B0C5-8C87-2642E949B008} = {39E648A4-ED51-846D-0771-EF4AB3BBBBF2}
		{09808872-9B80-EA6D-9409-77ACEC7B1259} = {39E648A4-ED51-846D-0771-EF4AB3BBBBF2}
		{A54F206A-45C6-1F24-8274-E03142E993CF} = {39E648A4-ED51-846D-0771-EF4AB3BBBBF2}
		{946C4AA8-BD92-0DA4-BD0A-EE43DC5B3736} = {84CFA046-7750-9920-B19C-7D1CA716B398}
		{55D0A883-EE2A-043E-9C13-15C20641F21A} = {84CFA046-7750-9920-B19C-7D1CA716B398}
		{01FC93FD-111F-257A-90FE-08A2A04B15A2} = {84CFA046-7750-9920-B19C-7D1CA716B398}
		{29040412-8E2A-C033-53B3-3629338BE6A5} = {84CFA046-7750-9920-B19C-7D1CA716B398}
		{64B8F8CB-6FA9-8D05-E82D-8D852C87F899} = {84CFA046-7750-9920-B19C-7D1CA716B398}
		{F66ADF67-6DA1-E299-F300-FDA7FA78432A} = {84CFA046-7750-9920-B19C-7D1CA716B398}
		{2777FB4F-2899-6189-1294-D77FF827D8AB} = {84CFA046-7750-9920-B19C-7D1CA716B398}
		{C55D9626-548B-BF84-C240-F9CC1F5A9599} = {84CFA046-7750-9920-B19C-7D1CA716B398}
		{D7EB6950-7E2A-935D-8ECD-49FA789FEAA3} = {84CFA046-7750-9920-B19C-7D1CA716B398}
		{51B5C6E7-A7EF-A54E-BF86-F6CB8B5B3F5B} = {84CFA046-7750-9920-B19C-7D1CA716B398}
		{75E68827-4F78-C483-C801-4317965E5411} = {84CFA046-7750-9920-B19C-7D1CA716B398}
		{403F0C53-1155-49D7-99FE-BD1E7E857D0D} = {84CFA046-7750-9920-B19C-7D1CA716B398}
		{41BB1DFA-4A1A-409A-A36D-1832008B2463} = {84CFA046-7750-9920-B19C-7D1CA716B398}
		{198E4160-BB12-D71A-B3A5-B29E4A4D72B4} = {84CFA046-7750-9920-B19C-7D1CA716B398}
		{9C1326F3-F8D4-3DD0-1855-3ACB0B77CE84} = {84CFA046-7750-9920-B19C-7D1CA716B398}
		{01544FA2-AF88-FF6B-42F8-38F6E711E317} = {84CFA046-7750-9920-B19C-7D1CA716B398}
		{C9C17972-8F51-3EDB-707C-570CD75575BE} = {84CFA046-7750-9920-B19C-7D1CA716B398}
		{5DEFF711-7245-0947-D035-02D558F21D35} = {84CFA046-7750-9920-B19C-7D1CA716B398}
		{06402C6F-978D-75C0-D992-EF996BAC2213} = {84CFA046-7750-9920-B19C-7D1CA716B398}
		{1C85698E-C85E-F371-F6D3-E2EE6F283AA4} = {84CFA046-7750-9920-B19C-7D1CA716B398}
		{1CFF0B11-77A9-274F-6EE1-985C8E0C2099} = {84CFA046-7750-9920-B19C-7D1CA716B398}
		{D561CDFA-429F-32A7-5C88-16E055B08806} = {84CFA046-7750-9920-B19C-7D1CA716B398}
		{029A1F30-92AC-BD3A-AA30-1AAD56A10BF1} = {84CFA046-7750-9920-B19C-7D1CA716B398}
		{FDAD75F4-488B-89F2-B50B-9574BF467655} = {84CFA046-7750-9920-B19C-7D1CA716B398}
		{2775F648-88DC-3177-2666-513DF7CA6450} = {84CFA046-7750-9920-B19C-7D1CA716B398}
		{A0435B9C-1904-CC1E-9A30-2C7540538F83} = {84CFA046-7750-9920-B19C-7D1CA716B398}
		{D91E83D6-8EB8-488E-BDE4-A53F47435A8A} = {84CFA046-7750-9920-B19C-7D1CA716B398}
		{CDBF2871-85B5-6877-291D-3F60F0361E98} = {84CFA046-7750-9920-B19C-7D1CA716B398}
		{5261D19A-F925-E8AB-DAF7-2759F8CE6913} = {84CFA046-7750-9920-B19C-7D1CA716B398}
		{9641602A-6BA5-C7D7-E6BA-427A3CD7828E} = {84CFA046-7750-9920-B19C-7D1CA716B398}
		{B7B9C68D-9AE6-BEFB-BFA0-B4A55D3DE07A} = {84CFA046-7750-9920-B19C-7D1CA716B398}
		{ADF6F9A2-41C3-8306-8015-D6FF8C89D97A} = {84CFA046-7750-9920-B19C-7D1CA716B398}
		{21007119-291B-1E04-850B-6E87A4863332} = {84CFA046-7750-9920-B19C-7D1CA716B398}
		{7D7BE23E-3FC9-B48A-99CA-C14F80EBDA39} = {84CFA046-7750-9920-B19C-7D1CA716B398}
		{1F426F98-3333-DEA0-1D58-615727DDAF12} = {84CFA046-7750-9920-B19C-7D1CA716B398}
		{8F6A5EDA-E3EB-C038-1B81-9AE1DF32A014} = {84CFA046-7750-9920-B19C-7D1CA716B398}
		{DF561BD7-A985-0A40-BF63-125864B6E16A} = {84CFA046-7750-9920-B19C-7D1CA716B398}
		{4F0C29AC-9CC4-F0DF-06AD-508A95D62899} = {84CFA046-7750-9920-B19C-7D1CA716B398}
		{E320E74D-5C59-AF60-81CB-8E46A0F8AD77} = {FB7330D3-E09C-CDDA-7F42-02FD988C7E6B}
		{744E5B70-1876-D95E-18D1-CA8378359530} = {FB7330D3-E09C-CDDA-7F42-02FD988C7E6B}
		{746C00F6-6219-40C2-1300-F89F2AF3493B} = {FE93F336-6432-FFC4-B52C-C1EB0C1C1C86}
		{D6A41B9A-30E6-E717-1564-78BA117C8143} = {5EF6C9CB-8135-0469-2DA1-4D4C0EA897C0}
		{29F8A48F-F1C5-FCA6-A327-3BECACBA7337} = {FE23A2D9-F16D-7EC7-1CFB-B08FD787F2A7}
		{234ADB4C-E59D-4B97-2E81-085BBEB977E8} = {75276176-0011-2E47-FF0E-C0BD6FF95693}
		{25D50056-E294-189F-2EF2-E4D1557002A3} = {3E3CD6FC-F8A9-E7B8-C529-C5CF720EECA0}
		{CE43D86E-B130-CDDB-F2C8-B8735B8747FD} = {D1607203-2193-20E6-9B82-C3DDC9C01829}
		{0E1DFDF0-83B5-6D68-38CB-164D4EAA2B8C} = {A783AF7B-F3F6-B0C5-8C87-2642E949B008}
		{D02FA32C-51FD-2A5C-7983-211759CFD98A} = {A783AF7B-F3F6-B0C5-8C87-2642E949B008}
		{935D806F-ADA7-B76E-CDC1-44221E4FEE33} = {A783AF7B-F3F6-B0C5-8C87-2642E949B008}
		{41E222D0-B57F-66CE-E57E-A2A90653F71F} = {09808872-9B80-EA6D-9409-77ACEC7B1259}
		{65F8809A-0C84-7D3E-F9A6-174F506E5369} = {A54F206A-45C6-1F24-8274-E03142E993CF}
		{FB14E7B4-5D90-1790-5E65-A135D51FC7D7} = {A54F206A-45C6-1F24-8274-E03142E993CF}
		{578CA490-EF7F-72D9-5F97-15D91B0D46FC} = {84CFA046-7750-9920-B19C-7D1CA716B398}
		{B8E95163-6C87-932A-5EEC-594BA4CF2493} = {84CFA046-7750-9920-B19C-7D1CA716B398}
		{CE9E5917-3524-0A25-228B-691C1987EB78} = {84CFA046-7750-9920-B19C-7D1CA716B398}
		{AAE16BD1-F076-E829-1A8D-C97928D506A3} = {84CFA046-7750-9920-B19C-7D1CA716B398}
		{F1109C5B-A727-BED9-F752-9A468FECAB72} = {84CFA046-7750-9920-B19C-7D1CA716B398}
	EndGlobalSection
EndGlobal
