<?xml version="1.0" encoding="utf-8" standalone="no"?>
<Project xmlns="http://schemas.microsoft.com/developer/msbuild/2003" ToolsVersion="4.0">
  <ItemGroup>
    <Filter Include="src\c">
      <UniqueIdentifier>{515B5F5A-36D9-7CE2-10C6-E383DBA118A4}</UniqueIdentifier>
    </Filter>
    <Filter Include="src">
      <UniqueIdentifier>{C5D85D62-2D1F-BBD0-3190-3BB2E70B1772}</UniqueIdentifier>
    </Filter>
    <Filter Include="src\core">
      <UniqueIdentifier>{AFD75FDB-0789-D3F8-5663-F4E6C06D9784}</UniqueIdentifier>
    </Filter>
    <Filter Include="src\lazy">
      <UniqueIdentifier>{1D0151E1-C033-A1A0-BA6A-4D05CCAC6C0C}</UniqueIdentifier>
    </Filter>
    <Filter Include="src\image">
      <UniqueIdentifier>{4F8CEDB4-A21C-AEA2-8995-96CD5A55D33D}</UniqueIdentifier>
    </Filter>
    <Filter Include="src\pipe">
      <UniqueIdentifier>{A3D5ACB8-48F0-1558-D772-D1FB690BFB08}</UniqueIdentifier>
    </Filter>
    <Filter Include="src\shaders">
      <UniqueIdentifier>{15633EEB-6588-3975-4345-DC82A02CD2B7}</UniqueIdentifier>
    </Filter>
    <Filter Include="include\core">
      <UniqueIdentifier>{2E8106B1-EECC-5D31-BC35-3550ED05F844}</UniqueIdentifier>
    </Filter>
    <Filter Include="include">
      <UniqueIdentifier>{882A7C1D-17D6-E17D-2881-F3658AB049AC}</UniqueIdentifier>
    </Filter>
    <Filter Include="include\private">
      <UniqueIdentifier>{694F74F1-934E-94F8-7B8C-16B2A57A03E7}</UniqueIdentifier>
    </Filter>
    <Filter Include="include\pathops">
      <UniqueIdentifier>{6564231E-1F11-3868-1BFD-525F8CCC49D6}</UniqueIdentifier>
    </Filter>
    <Filter Include="src\pathops">
      <UniqueIdentifier>{A46682AE-B9D2-1D7C-053A-4DDD0275FA1E}</UniqueIdentifier>
    </Filter>
    <Filter Include="src\jumper">
      <UniqueIdentifier>{85C879F3-DBD7-7713-D674-33BB08A0091E}</UniqueIdentifier>
    </Filter>
    <Filter Include="include\utils">
      <UniqueIdentifier>{68F52A77-6115-BE89-819D-6B2C5C8FF7E7}</UniqueIdentifier>
    </Filter>
    <Filter Include="src\utils">
      <UniqueIdentifier>{8FC2063E-4721-2C9C-FF62-6C19AE822741}</UniqueIdentifier>
    </Filter>
    <Filter Include="include\utils\mac">
      <UniqueIdentifier>{CEC11C7D-4ED2-D15E-0FC3-BFB46A7CA2BB}</UniqueIdentifier>
    </Filter>
    <Filter Include="src\utils\mac">
      <UniqueIdentifier>{54657238-8BB7-EFD2-3A48-C6BA813BF368}</UniqueIdentifier>
    </Filter>
    <Filter Include="src\utils\win">
      <UniqueIdentifier>{B89E8FEE-4134-2787-FA57-534258B0E327}</UniqueIdentifier>
    </Filter>
    <Filter Include="src\fonts">
      <UniqueIdentifier>{DBD4A165-441E-D3BC-93E0-071ED42B8CB1}</UniqueIdentifier>
    </Filter>
    <Filter Include="src\android">
      <UniqueIdentifier>{E36F3901-7E9F-B828-2E48-9C594A78FE67}</UniqueIdentifier>
    </Filter>
    <Filter Include="src\codec">
      <UniqueIdentifier>{E4ACFA78-382F-1EE9-826D-BFA90457E100}</UniqueIdentifier>
    </Filter>
    <Filter Include="src\images">
      <UniqueIdentifier>{D288BAA6-03E2-19A6-0D0F-2B751EAC8408}</UniqueIdentifier>
    </Filter>
    <Filter Include="src\ports">
      <UniqueIdentifier>{53D64102-7E15-4D31-9778-9926B4F6A6CC}</UniqueIdentifier>
    </Filter>
    <Filter Include="src\sfnt">
      <UniqueIdentifier>{AA90FDD1-BCAD-9A79-0DED-E03C4CCFC069}</UniqueIdentifier>
    </Filter>
    <Filter Include="third_party\gif">
      <UniqueIdentifier>{DD497475-53C1-1CF1-1A42-B6292E74CBA8}</UniqueIdentifier>
    </Filter>
    <Filter Include="third_party">
      <UniqueIdentifier>{363093B2-8BE6-B8D4-ADFC-148BB4039B6A}</UniqueIdentifier>
    </Filter>
    <Filter Include="src\extension_dll">
      <UniqueIdentifier>{422a99a9-8fc6-447f-b1ef-a1656a2654dd}</UniqueIdentifier>
    </Filter>
    <Filter Include="src\extension_dll\win">
      <UniqueIdentifier>{3f3dd3da-2f07-4594-a330-5dd0d812201d}</UniqueIdentifier>
    </Filter>
    <Filter Include="tools">
      <UniqueIdentifier>{fcde9dea-3940-4f48-9a5d-e4110d740dfc}</UniqueIdentifier>
    </Filter>
    <Filter Include="tools\trace">
      <UniqueIdentifier>{f579080e-d327-4467-b5a3-fbbff03e8ce8}</UniqueIdentifier>
    </Filter>
    <Filter Include="include\trace">
      <UniqueIdentifier>{a18ff4d6-c496-463e-aa20-90854307e497}</UniqueIdentifier>
    </Filter>
  </ItemGroup>
  <ItemGroup>
    <ClCompile Include="../../../src/c/sk_paint.cpp">
      <Filter>src\c</Filter>
    </ClCompile>
    <ClCompile Include="../../../src/c/sk_surface.cpp">
      <Filter>src\c</Filter>
    </ClCompile>
    <ClInclude Include="../../../src/c/sk_types_priv.h">
      <Filter>src\c</Filter>
    </ClInclude>
    <ClInclude Include="../../../src/core/Sk4px.h">
      <Filter>src\core</Filter>
    </ClInclude>
    <ClCompile Include="../../../src/core/SkAAClip.cpp">
      <Filter>src\core</Filter>
    </ClCompile>
    <ClCompile Include="../../../src/core/SkAnnotation.cpp">
      <Filter>src\core</Filter>
    </ClCompile>
    <ClInclude Include="../../../src/core/SkAdvancedTypefaceMetrics.h">
      <Filter>src\core</Filter>
    </ClInclude>
    <ClCompile Include="../../../src/core/SkAlphaRuns.cpp">
      <Filter>src\core</Filter>
    </ClCompile>
    <ClInclude Include="../../../src/core/SkAntiRun.h">
      <Filter>src\core</Filter>
    </ClInclude>
    <ClCompile Include="../../../src/core/SkATrace.cpp">
      <Filter>src\core</Filter>
    </ClCompile>
    <ClInclude Include="../../../src/core/SkATrace.h">
      <Filter>src\core</Filter>
    </ClInclude>
    <ClInclude Include="../../../src/core/SkAutoKern.h">
      <Filter>src\core</Filter>
    </ClInclude>
    <ClInclude Include="../../../src/core/SkAutoPixmapStorage.h">
      <Filter>src\core</Filter>
    </ClInclude>
    <ClCompile Include="../../../src/core/SkAutoPixmapStorage.cpp">
      <Filter>src\core</Filter>
    </ClCompile>
    <ClCompile Include="../../../src/core/SkBBHFactory.cpp">
      <Filter>src\core</Filter>
    </ClCompile>
    <ClInclude Include="../../../src/core/SkBBoxHierarchy.h">
      <Filter>src\core</Filter>
    </ClInclude>
    <ClCompile Include="../../../src/core/SkBigPicture.cpp">
      <Filter>src\core</Filter>
    </ClCompile>
    <ClCompile Include="../../../src/core/SkBitmap.cpp">
      <Filter>src\core</Filter>
    </ClCompile>
    <ClCompile Include="../../../src/core/SkBitmapCache.cpp">
      <Filter>src\core</Filter>
    </ClCompile>
    <ClCompile Include="../../../src/core/SkBitmapController.cpp">
      <Filter>src\core</Filter>
    </ClCompile>
    <ClCompile Include="../../../src/core/SkBitmapDevice.cpp">
      <Filter>src\core</Filter>
    </ClCompile>
    <ClInclude Include="../../../src/core/SkBitmapDevice.h">
      <Filter>src\core</Filter>
    </ClInclude>
    <ClCompile Include="../../../src/core/SkBitmapProcState.cpp">
      <Filter>src\core</Filter>
    </ClCompile>
    <ClInclude Include="../../../src/core/SkBitmapProcState.h">
      <Filter>src\core</Filter>
    </ClInclude>
    <ClInclude Include="../../../src/core/SkBitmapProcState_filter.h">
      <Filter>src\core</Filter>
    </ClInclude>
    <ClInclude Include="../../../src/core/SkBitmapProcState_matrix.h">
      <Filter>src\core</Filter>
    </ClInclude>
    <ClInclude Include="../../../src/core/SkBitmapProcState_matrix_template.h">
      <Filter>src\core</Filter>
    </ClInclude>
    <ClCompile Include="../../../src/core/SkBitmapProcState_matrixProcs.cpp">
      <Filter>src\core</Filter>
    </ClCompile>
    <ClInclude Include="../../../src/core/SkBitmapProcState_procs.h">
      <Filter>src\core</Filter>
    </ClInclude>
    <ClInclude Include="../../../src/core/SkBitmapProcState_sample.h">
      <Filter>src\core</Filter>
    </ClInclude>
    <ClInclude Include="../../../src/core/SkBitmapProcState_shaderproc.h">
      <Filter>src\core</Filter>
    </ClInclude>
    <ClInclude Include="../../../src/core/SkBitmapProcState_utils.h">
      <Filter>src\core</Filter>
    </ClInclude>
    <ClCompile Include="../../../src/core/SkBitmapProvider.cpp">
      <Filter>src\core</Filter>
    </ClCompile>
    <ClInclude Include="../../../src/core/SkBitmapProvider.h">
      <Filter>src\core</Filter>
    </ClInclude>
    <ClCompile Include="../../../src/core/SkBlendMode.cpp">
      <Filter>src\core</Filter>
    </ClCompile>
    <ClInclude Include="../../../src/core/SkBlitBWMaskTemplate.h">
      <Filter>src\core</Filter>
    </ClInclude>
    <ClInclude Include="../../../src/core/SkBlitMask.h">
      <Filter>src\core</Filter>
    </ClInclude>
    <ClCompile Include="../../../src/core/SkBlitMask_D32.cpp">
      <Filter>src\core</Filter>
    </ClCompile>
    <ClInclude Include="../../../src/core/SkBlitRow.h">
      <Filter>src\core</Filter>
    </ClInclude>
    <ClCompile Include="../../../src/core/SkBlitRow_D32.cpp">
      <Filter>src\core</Filter>
    </ClCompile>
    <ClInclude Include="../../../src/core/SkBlitter.h">
      <Filter>src\core</Filter>
    </ClInclude>
    <ClCompile Include="../../../src/core/SkBlitter.cpp">
      <Filter>src\core</Filter>
    </ClCompile>
    <ClCompile Include="../../../src/core/SkBlitter_A8.cpp">
      <Filter>src\core</Filter>
    </ClCompile>
    <ClCompile Include="../../../src/core/SkBlitter_ARGB32.cpp">
      <Filter>src\core</Filter>
    </ClCompile>
    <ClCompile Include="../../../src/core/SkBlitter_Sprite.cpp">
      <Filter>src\core</Filter>
    </ClCompile>
    <ClCompile Include="../../../src/core/SkBlurImageFilter.cpp">
      <Filter>src\core</Filter>
    </ClCompile>
    <ClCompile Include="../../../src/core/SkBuffer.cpp">
      <Filter>src\core</Filter>
    </ClCompile>
    <ClCompile Include="../../../src/core/SkCachedData.cpp">
      <Filter>src\core</Filter>
    </ClCompile>
    <ClCompile Include="../../../src/core/SkCanvas.cpp">
      <Filter>src\core</Filter>
    </ClCompile>
    <ClInclude Include="../../../src/core/SkCanvasPriv.h">
      <Filter>src\core</Filter>
    </ClInclude>
    <ClInclude Include="../../../src/core/SkCoverageDelta.h">
      <Filter>src\core</Filter>
    </ClInclude>
    <ClCompile Include="../../../src/core/SkCoverageDelta.cpp">
      <Filter>src\core</Filter>
    </ClCompile>
    <ClCompile Include="../../../src/core/SkClipStack.cpp">
      <Filter>src\core</Filter>
    </ClCompile>
    <ClInclude Include="../../../src/core/SkClipStack.h">
      <Filter>src\core</Filter>
    </ClInclude>
    <ClCompile Include="../../../src/core/SkClipStackDevice.cpp">
      <Filter>src\core</Filter>
    </ClCompile>
    <ClInclude Include="../../../src/core/SkClipStackDevice.h">
      <Filter>src\core</Filter>
    </ClInclude>
    <ClCompile Include="../../../src/core/SkColor.cpp">
      <Filter>src\core</Filter>
    </ClCompile>
    <ClCompile Include="../../../src/core/SkColorFilter.cpp">
      <Filter>src\core</Filter>
    </ClCompile>
    <ClCompile Include="../../../src/core/SkColorLookUpTable.cpp">
      <Filter>src\core</Filter>
    </ClCompile>
    <ClInclude Include="../../../src/core/SkColorLookUpTable.h">
      <Filter>src\core</Filter>
    </ClInclude>
    <ClCompile Include="../../../src/core/SkColorMatrixFilterRowMajor255.cpp">
      <Filter>src\core</Filter>
    </ClCompile>
    <ClInclude Include="../../../src/core/SkColorMatrixFilterRowMajor255.h">
      <Filter>src\core</Filter>
    </ClInclude>
    <ClCompile Include="../../../src/core/SkColorSpace.cpp">
      <Filter>src\core</Filter>
    </ClCompile>
    <ClCompile Include="../../../src/core/SkColorSpace_A2B.cpp">
      <Filter>src\core</Filter>
    </ClCompile>
    <ClInclude Include="../../../src/core/SkColorSpace_A2B.h">
      <Filter>src\core</Filter>
    </ClInclude>
    <ClCompile Include="../../../src/core/SkColorSpace_XYZ.cpp">
      <Filter>src\core</Filter>
    </ClCompile>
    <ClInclude Include="../../../src/core/SkColorSpace_XYZ.h">
      <Filter>src\core</Filter>
    </ClInclude>
    <ClCompile Include="../../../src/core/SkColorSpace_ICC.cpp">
      <Filter>src\core</Filter>
    </ClCompile>
    <ClCompile Include="../../../src/core/SkColorSpaceXform.cpp">
      <Filter>src\core</Filter>
    </ClCompile>
    <ClCompile Include="../../../src/core/SkColorSpaceXformCanvas.cpp">
      <Filter>src\core</Filter>
    </ClCompile>
    <ClCompile Include="../../../src/core/SkColorSpaceXformer.cpp">
      <Filter>src\core</Filter>
    </ClCompile>
    <ClInclude Include="../../../src/core/SkColorSpaceXformer.h">
      <Filter>src\core</Filter>
    </ClInclude>
    <ClCompile Include="../../../src/core/SkColorSpaceXformImageGenerator.cpp">
      <Filter>src\core</Filter>
    </ClCompile>
    <ClInclude Include="../../../src/core/SkColorSpaceXformImageGenerator.h">
      <Filter>src\core</Filter>
    </ClInclude>
    <ClCompile Include="../../../src/core/SkColorSpaceXform_A2B.cpp">
      <Filter>src\core</Filter>
    </ClCompile>
    <ClInclude Include="../../../src/core/SkColorSpaceXform_A2B.h">
      <Filter>src\core</Filter>
    </ClInclude>
    <ClCompile Include="../../../src/core/SkColorTable.cpp">
      <Filter>src\core</Filter>
    </ClCompile>
    <ClCompile Include="../../../src/core/SkConvertPixels.cpp">
      <Filter>src\core</Filter>
    </ClCompile>
    <ClInclude Include="../../../src/core/SkConvertPixels.h">
      <Filter>src\core</Filter>
    </ClInclude>
    <ClInclude Include="../../../src/core/SkCoreBlitters.h">
      <Filter>src\core</Filter>
    </ClInclude>
    <ClCompile Include="../../../src/core/SkCpu.cpp">
      <Filter>src\core</Filter>
    </ClCompile>
    <ClInclude Include="../../../src/core/SkCpu.h">
      <Filter>src\core</Filter>
    </ClInclude>
    <ClCompile Include="../../../src/core/SkCubicClipper.cpp">
      <Filter>src\core</Filter>
    </ClCompile>
    <ClInclude Include="../../../src/core/SkCubicClipper.h">
      <Filter>src\core</Filter>
    </ClInclude>
    <ClCompile Include="../../../src/core/SkData.cpp">
      <Filter>src\core</Filter>
    </ClCompile>
    <ClCompile Include="../../../src/core/SkDataTable.cpp">
      <Filter>src\core</Filter>
    </ClCompile>
    <ClCompile Include="../../../src/core/SkDebug.cpp">
      <Filter>src\core</Filter>
    </ClCompile>
    <ClCompile Include="../../../src/core/SkDeque.cpp">
      <Filter>src\core</Filter>
    </ClCompile>
    <ClInclude Include="../../../src/core/SkDescriptor.h">
      <Filter>src\core</Filter>
    </ClInclude>
    <ClCompile Include="../../../src/core/SkDevice.cpp">
      <Filter>src\core</Filter>
    </ClCompile>
    <ClInclude Include="../../../src/core/SkDevice.h">
      <Filter>src\core</Filter>
    </ClInclude>
    <ClCompile Include="../../../src/core/SkDeviceLooper.cpp">
      <Filter>src\core</Filter>
    </ClCompile>
    <ClCompile Include="../../../src/core/SkDeviceProfile.cpp">
      <Filter>src\core</Filter>
    </ClCompile>
    <ClInclude Include="../../../src/core/SkDiscardableMemory.h">
      <Filter>src\core</Filter>
    </ClInclude>
    <ClCompile Include="../../../src/lazy/SkDiscardableMemoryPool.cpp">
      <Filter>src\lazy</Filter>
    </ClCompile>
    <ClCompile Include="../../../src/core/SkDistanceFieldGen.cpp">
      <Filter>src\core</Filter>
    </ClCompile>
    <ClInclude Include="../../../src/core/SkDistanceFieldGen.h">
      <Filter>src\core</Filter>
    </ClInclude>
    <ClCompile Include="../../../src/core/SkDither.cpp">
      <Filter>src\core</Filter>
    </ClCompile>
    <ClInclude Include="../../../src/core/SkDither.h">
      <Filter>src\core</Filter>
    </ClInclude>
    <ClCompile Include="../../../src/core/SkDraw.cpp">
      <Filter>src\core</Filter>
    </ClCompile>
    <ClCompile Include="../../../src/core/SkDraw_vertices.cpp">
      <Filter>src\core</Filter>
    </ClCompile>
    <ClInclude Include="../../../src/core/SkDraw.h">
      <Filter>src\core</Filter>
    </ClInclude>
    <ClCompile Include="../../../src/core/SkDrawable.cpp">
      <Filter>src\core</Filter>
    </ClCompile>
    <ClCompile Include="../../../src/core/SkDrawLooper.cpp">
      <Filter>src\core</Filter>
    </ClCompile>
    <ClInclude Include="../../../src/core/SkDrawProcs.h">
      <Filter>src\core</Filter>
    </ClInclude>
    <ClCompile Include="../../../src/core/SkDrawShadowInfo.cpp">
      <Filter>src\core</Filter>
    </ClCompile>
    <ClInclude Include="../../../src/core/SkDrawShadowInfo.h">
      <Filter>src\core</Filter>
    </ClInclude>
    <ClCompile Include="../../../src/core/SkEdgeBuilder.cpp">
      <Filter>src\core</Filter>
    </ClCompile>
    <ClInclude Include="../../../src/core/SkEdgeBuilder.h">
      <Filter>src\core</Filter>
    </ClInclude>
    <ClCompile Include="../../../src/core/SkEdgeClipper.cpp">
      <Filter>src\core</Filter>
    </ClCompile>
    <ClInclude Include="../../../src/core/SkEdgeClipper.h">
      <Filter>src\core</Filter>
    </ClInclude>
    <ClInclude Include="../../../src/core/SkEndian.h">
      <Filter>src\core</Filter>
    </ClInclude>
    <ClCompile Include="../../../src/core/SkExecutor.cpp">
      <Filter>src\core</Filter>
    </ClCompile>
    <ClCompile Include="../../../src/core/SkAnalyticEdge.cpp">
      <Filter>src\core</Filter>
    </ClCompile>
    <ClInclude Include="../../../src/core/SkFDot6Constants.h">
      <Filter>src\core</Filter>
    </ClInclude>
    <ClCompile Include="../../../src/core/SkFDot6Constants.cpp">
      <Filter>src\core</Filter>
    </ClCompile>
    <ClCompile Include="../../../src/core/SkEdge.cpp">
      <Filter>src\core</Filter>
    </ClCompile>
    <ClInclude Include="../../../src/core/SkEdge.h">
      <Filter>src\core</Filter>
    </ClInclude>
    <ClInclude Include="../../../src/core/SkFDot6.h">
      <Filter>src\core</Filter>
    </ClInclude>
    <ClInclude Include="../../../src/core/SkFindAndPlaceGlyph.h">
      <Filter>src\core</Filter>
    </ClInclude>
    <ClCompile Include="../../../src/core/SkArenaAlloc.cpp">
      <Filter>src\core</Filter>
    </ClCompile>
    <ClInclude Include="../../../src/core/SkArenaAlloc.h">
      <Filter>src\core</Filter>
    </ClInclude>
    <ClCompile Include="../../../src/core/SkFlattenable.cpp">
      <Filter>src\core</Filter>
    </ClCompile>
    <ClCompile Include="../../../src/core/SkFlattenableSerialization.cpp">
      <Filter>src\core</Filter>
    </ClCompile>
    <ClCompile Include="../../../src/core/SkFont.cpp">
      <Filter>src\core</Filter>
    </ClCompile>
    <ClCompile Include="../../../src/core/SkFontLCDConfig.cpp">
      <Filter>src\core</Filter>
    </ClCompile>
    <ClCompile Include="../../../src/core/SkFontMgr.cpp">
      <Filter>src\core</Filter>
    </ClCompile>
    <ClCompile Include="../../../src/core/SkFontStyle.cpp">
      <Filter>src\core</Filter>
    </ClCompile>
    <ClCompile Include="../../../src/core/SkFontDescriptor.cpp">
      <Filter>src\core</Filter>
    </ClCompile>
    <ClInclude Include="../../../src/core/SkFontDescriptor.h">
      <Filter>src\core</Filter>
    </ClInclude>
    <ClCompile Include="../../../src/core/SkFontStream.cpp">
      <Filter>src\core</Filter>
    </ClCompile>
    <ClInclude Include="../../../src/core/SkFontStream.h">
      <Filter>src\core</Filter>
    </ClInclude>
    <ClInclude Include="../../../src/core/SkFuzzLogging.h">
      <Filter>src\core</Filter>
    </ClInclude>
    <ClCompile Include="../../../src/core/SkGeometry.cpp">
      <Filter>src\core</Filter>
    </ClCompile>
    <ClInclude Include="../../../src/core/SkGeometry.h">
      <Filter>src\core</Filter>
    </ClInclude>
    <ClCompile Include="../../../src/core/SkGlobalInitialization_core.cpp">
      <Filter>src\core</Filter>
    </ClCompile>
    <ClInclude Include="../../../src/core/SkGlyph.h">
      <Filter>src\core</Filter>
    </ClInclude>
    <ClCompile Include="../../../src/core/SkGlyphCache.cpp">
      <Filter>src\core</Filter>
    </ClCompile>
    <ClInclude Include="../../../src/core/SkGlyphCache.h">
      <Filter>src\core</Filter>
    </ClInclude>
    <ClInclude Include="../../../src/core/SkGlyphCache_Globals.h">
      <Filter>src\core</Filter>
    </ClInclude>
    <ClInclude Include="../../../src/core/SkGpuBlurUtils.h">
      <Filter>src\core</Filter>
    </ClInclude>
    <ClCompile Include="../../../src/core/SkGpuBlurUtils.cpp">
      <Filter>src\core</Filter>
    </ClCompile>
    <ClCompile Include="../../../src/core/SkGraphics.cpp">
      <Filter>src\core</Filter>
    </ClCompile>
    <ClCompile Include="../../../src/core/SkHalf.cpp">
      <Filter>src\core</Filter>
    </ClCompile>
    <ClInclude Include="../../../src/core/SkHalf.h">
      <Filter>src\core</Filter>
    </ClInclude>
    <ClCompile Include="../../../src/core/SkICC.cpp">
      <Filter>src\core</Filter>
    </ClCompile>
    <ClCompile Include="../../../src/core/SkImageFilter.cpp">
      <Filter>src\core</Filter>
    </ClCompile>
    <ClCompile Include="../../../src/core/SkImageFilterCache.cpp">
      <Filter>src\core</Filter>
    </ClCompile>
    <ClInclude Include="../../../src/core/SkImageFilterCache.h">
      <Filter>src\core</Filter>
    </ClInclude>
    <ClCompile Include="../../../src/core/SkImageInfo.cpp">
      <Filter>src\core</Filter>
    </ClCompile>
    <ClInclude Include="../../../src/core/SkImageCacherator.h">
      <Filter>src\core</Filter>
    </ClInclude>
    <ClCompile Include="../../../src/core/SkImageGenerator.cpp">
      <Filter>src\core</Filter>
    </ClCompile>
    <ClCompile Include="../../../src/core/SkLineClipper.cpp">
      <Filter>src\core</Filter>
    </ClCompile>
    <ClCompile Include="../../../src/core/SkLiteDL.cpp">
      <Filter>src\core</Filter>
    </ClCompile>
    <ClCompile Include="../../../src/core/SkLiteRecorder.cpp">
      <Filter>src\core</Filter>
    </ClCompile>
    <ClCompile Include="../../../src/core/SkLocalMatrixImageFilter.cpp">
      <Filter>src\core</Filter>
    </ClCompile>
    <ClInclude Include="../../../src/core/SkLocalMatrixImageFilter.h">
      <Filter>src\core</Filter>
    </ClInclude>
    <ClCompile Include="../../../src/core/SkMD5.cpp">
      <Filter>src\core</Filter>
    </ClCompile>
    <ClInclude Include="../../../src/core/SkMD5.h">
      <Filter>src\core</Filter>
    </ClInclude>
    <ClCompile Include="../../../src/core/SkMallocPixelRef.cpp">
      <Filter>src\core</Filter>
    </ClCompile>
    <ClCompile Include="../../../src/core/SkMask.cpp">
      <Filter>src\core</Filter>
    </ClCompile>
    <ClInclude Include="../../../src/core/SkMaskBlurFilter.h">
      <Filter>src\core</Filter>
    </ClInclude>
    <ClCompile Include="../../../src/core/SkMaskBlurFilter.cpp">
      <Filter>src\core</Filter>
    </ClCompile>
    <ClCompile Include="../../../src/core/SkMaskCache.cpp">
      <Filter>src\core</Filter>
    </ClCompile>
    <ClCompile Include="../../../src/core/SkMaskFilter.cpp">
      <Filter>src\core</Filter>
    </ClCompile>
    <ClCompile Include="../../../src/core/SkMaskGamma.cpp">
      <Filter>src\core</Filter>
    </ClCompile>
    <ClInclude Include="../../../src/core/SkMaskGamma.h">
      <Filter>src\core</Filter>
    </ClInclude>
    <ClCompile Include="../../../src/core/SkMath.cpp">
      <Filter>src\core</Filter>
    </ClCompile>
    <ClInclude Include="../../../src/core/SkMathPriv.h">
      <Filter>src\core</Filter>
    </ClInclude>
    <ClCompile Include="../../../src/core/SkMatrix.cpp">
      <Filter>src\core</Filter>
    </ClCompile>
    <ClCompile Include="../../../src/core/SkMatrix44.cpp">
      <Filter>src\core</Filter>
    </ClCompile>
    <ClCompile Include="../../../src/core/SkMatrixImageFilter.cpp">
      <Filter>src\core</Filter>
    </ClCompile>
    <ClInclude Include="../../../src/core/SkMatrixImageFilter.h">
      <Filter>src\core</Filter>
    </ClInclude>
    <ClInclude Include="../../../src/core/SkMatrixUtils.h">
      <Filter>src\core</Filter>
    </ClInclude>
    <ClCompile Include="../../../src/core/SkMetaData.cpp">
      <Filter>src\core</Filter>
    </ClCompile>
    <ClCompile Include="../../../src/core/SkMipMap.cpp">
      <Filter>src\core</Filter>
    </ClCompile>
    <ClInclude Include="../../../src/core/SkMipMap.h">
      <Filter>src\core</Filter>
    </ClInclude>
    <ClCompile Include="../../../src/core/SkMiniRecorder.cpp">
      <Filter>src\core</Filter>
    </ClCompile>
    <ClInclude Include="../../../src/core/SkMiniRecorder.h">
      <Filter>src\core</Filter>
    </ClInclude>
    <ClCompile Include="../../../src/core/SkModeColorFilter.cpp">
      <Filter>src\core</Filter>
    </ClCompile>
    <ClCompile Include="../../../src/core/SkMultiPictureDraw.cpp">
      <Filter>src\core</Filter>
    </ClCompile>
    <ClInclude Include="../../../src/core/SkNextID.h">
      <Filter>src\core</Filter>
    </ClInclude>
    <ClCompile Include="../../../src/core/SkLatticeIter.cpp">
      <Filter>src\core</Filter>
    </ClCompile>
    <ClInclude Include="../../../src/core/SkLatticeIter.h">
      <Filter>src\core</Filter>
    </ClInclude>
    <ClInclude Include="../../../src/core/SkNx.h">
      <Filter>src\core</Filter>
    </ClInclude>
    <ClCompile Include="../../../src/core/SkOpts.cpp">
      <Filter>src\core</Filter>
    </ClCompile>
    <ClInclude Include="../../../src/core/SkOpts.h">
      <Filter>src\core</Filter>
    </ClInclude>
    <ClInclude Include="../../../src/core/SkOrderedReadBuffer.h">
      <Filter>src\core</Filter>
    </ClInclude>
    <ClInclude Include="../../../src/core/SkOSFile.h">
      <Filter>src\core</Filter>
    </ClInclude>
    <ClCompile Include="../../../src/core/SkOverdrawCanvas.cpp">
      <Filter>src\core</Filter>
    </ClCompile>
    <ClCompile Include="../../../src/core/SkPaint.cpp">
      <Filter>src\core</Filter>
    </ClCompile>
    <ClInclude Include="../../../src/core/SkPaintDefaults.h">
      <Filter>src\core</Filter>
    </ClInclude>
    <ClCompile Include="../../../src/core/SkPaintPriv.cpp">
      <Filter>src\core</Filter>
    </ClCompile>
    <ClInclude Include="../../../src/core/SkPaintPriv.h">
      <Filter>src\core</Filter>
    </ClInclude>
    <ClCompile Include="../../../src/core/SkPath.cpp">
      <Filter>src\core</Filter>
    </ClCompile>
    <ClCompile Include="../../../src/core/SkPathEffect.cpp">
      <Filter>src\core</Filter>
    </ClCompile>
    <ClCompile Include="../../../src/core/SkPathMeasure.cpp">
      <Filter>src\core</Filter>
    </ClCompile>
    <ClInclude Include="../../../src/core/SkPathPriv.h">
      <Filter>src\core</Filter>
    </ClInclude>
    <ClCompile Include="../../../src/core/SkPathRef.cpp">
      <Filter>src\core</Filter>
    </ClCompile>
    <ClCompile Include="../../../src/core/SkPicture.cpp">
      <Filter>src\core</Filter>
    </ClCompile>
    <ClCompile Include="../../../src/core/SkPictureAnalyzer.cpp">
      <Filter>src\core</Filter>
    </ClCompile>
    <ClInclude Include="../../../src/core/SkPictureCommon.h">
      <Filter>src\core</Filter>
    </ClInclude>
    <ClCompile Include="../../../src/core/SkPictureContentInfo.cpp">
      <Filter>src\core</Filter>
    </ClCompile>
    <ClInclude Include="../../../src/core/SkPictureContentInfo.h">
      <Filter>src\core</Filter>
    </ClInclude>
    <ClCompile Include="../../../src/core/SkPictureData.cpp">
      <Filter>src\core</Filter>
    </ClCompile>
    <ClInclude Include="../../../src/core/SkPictureData.h">
      <Filter>src\core</Filter>
    </ClInclude>
    <ClCompile Include="../../../src/core/SkPictureFlat.cpp">
      <Filter>src\core</Filter>
    </ClCompile>
    <ClInclude Include="../../../src/core/SkPictureFlat.h">
      <Filter>src\core</Filter>
    </ClInclude>
    <ClCompile Include="../../../src/core/SkPictureImageGenerator.cpp">
      <Filter>src\core</Filter>
    </ClCompile>
    <ClCompile Include="../../../src/core/SkPicturePlayback.cpp">
      <Filter>src\core</Filter>
    </ClCompile>
    <ClInclude Include="../../../src/core/SkPicturePlayback.h">
      <Filter>src\core</Filter>
    </ClInclude>
    <ClCompile Include="../../../src/core/SkPictureRecord.cpp">
      <Filter>src\core</Filter>
    </ClCompile>
    <ClInclude Include="../../../src/core/SkPictureRecord.h">
      <Filter>src\core</Filter>
    </ClInclude>
    <ClCompile Include="../../../src/core/SkPictureRecorder.cpp">
      <Filter>src\core</Filter>
    </ClCompile>
    <ClCompile Include="../../../src/core/SkPixelRef.cpp">
      <Filter>src\core</Filter>
    </ClCompile>
    <ClCompile Include="../../../src/core/SkPixmap.cpp">
      <Filter>src\core</Filter>
    </ClCompile>
    <ClCompile Include="../../../src/core/SkPoint.cpp">
      <Filter>src\core</Filter>
    </ClCompile>
    <ClCompile Include="../../../src/core/SkPoint3.cpp">
      <Filter>src\core</Filter>
    </ClCompile>
    <ClCompile Include="../../../src/core/SkPtrRecorder.cpp">
      <Filter>src\core</Filter>
    </ClCompile>
    <ClCompile Include="../../../src/core/SkQuadClipper.cpp">
      <Filter>src\core</Filter>
    </ClCompile>
    <ClInclude Include="../../../src/core/SkQuadClipper.h">
      <Filter>src\core</Filter>
    </ClInclude>
    <ClCompile Include="../../../src/core/SkRasterClip.cpp">
      <Filter>src\core</Filter>
    </ClCompile>
    <ClCompile Include="../../../src/core/SkRasterPipeline.cpp">
      <Filter>src\core</Filter>
    </ClCompile>
    <ClCompile Include="../../../src/core/SkRasterPipelineBlitter.cpp">
      <Filter>src\core</Filter>
    </ClCompile>
    <ClCompile Include="../../../src/core/SkRasterizer.cpp">
      <Filter>src\core</Filter>
    </ClCompile>
    <ClInclude Include="../../../src/core/SkReadBuffer.h">
      <Filter>src\core</Filter>
    </ClInclude>
    <ClCompile Include="../../../src/core/SkReadBuffer.cpp">
      <Filter>src\core</Filter>
    </ClCompile>
    <ClInclude Include="../../../src/core/SkReader32.h">
      <Filter>src\core</Filter>
    </ClInclude>
    <ClCompile Include="../../../src/core/SkRecord.cpp">
      <Filter>src\core</Filter>
    </ClCompile>
    <ClCompile Include="../../../src/core/SkRecords.cpp">
      <Filter>src\core</Filter>
    </ClCompile>
    <ClInclude Include="../../../src/core/SkRecords.h">
      <Filter>src\core</Filter>
    </ClInclude>
    <ClCompile Include="../../../src/core/SkRecordDraw.cpp">
      <Filter>src\core</Filter>
    </ClCompile>
    <ClCompile Include="../../../src/core/SkRecordOpts.cpp">
      <Filter>src\core</Filter>
    </ClCompile>
    <ClInclude Include="../../../src/core/SkRecordOpts.h">
      <Filter>src\core</Filter>
    </ClInclude>
    <ClInclude Include="../../../src/core/SkRecordPattern.h">
      <Filter>src\core</Filter>
    </ClInclude>
    <ClCompile Include="../../../src/core/SkRecordedDrawable.cpp">
      <Filter>src\core</Filter>
    </ClCompile>
    <ClCompile Include="../../../src/core/SkRecorder.cpp">
      <Filter>src\core</Filter>
    </ClCompile>
    <ClCompile Include="../../../src/core/SkRect.cpp">
      <Filter>src\core</Filter>
    </ClCompile>
    <ClCompile Include="../../../src/core/SkRefDict.cpp">
      <Filter>src\core</Filter>
    </ClCompile>
    <ClCompile Include="../../../src/core/SkRegion.cpp">
      <Filter>src\core</Filter>
    </ClCompile>
    <ClInclude Include="../../../src/core/SkRegionPriv.h">
      <Filter>src\core</Filter>
    </ClInclude>
    <ClCompile Include="../../../src/core/SkRegion_path.cpp">
      <Filter>src\core</Filter>
    </ClCompile>
    <ClCompile Include="../../../src/core/SkResourceCache.cpp">
      <Filter>src\core</Filter>
    </ClCompile>
    <ClCompile Include="../../../src/core/SkRRect.cpp">
      <Filter>src\core</Filter>
    </ClCompile>
    <ClInclude Include="../../../src/core/SkRTree.h">
      <Filter>src\core</Filter>
    </ClInclude>
    <ClCompile Include="../../../src/core/SkRTree.cpp">
      <Filter>src\core</Filter>
    </ClCompile>
    <ClCompile Include="../../../src/core/SkRWBuffer.cpp">
      <Filter>src\core</Filter>
    </ClCompile>
    <ClCompile Include="../../../src/core/SkScalar.cpp">
      <Filter>src\core</Filter>
    </ClCompile>
    <ClCompile Include="../../../src/core/SkScalerContext.cpp">
      <Filter>src\core</Filter>
    </ClCompile>
    <ClInclude Include="../../../src/core/SkScalerContext.h">
      <Filter>src\core</Filter>
    </ClInclude>
    <ClCompile Include="../../../src/core/SkScan.cpp">
      <Filter>src\core</Filter>
    </ClCompile>
    <ClInclude Include="../../../src/core/SkScan.h">
      <Filter>src\core</Filter>
    </ClInclude>
    <ClInclude Include="../../../src/core/SkScanPriv.h">
      <Filter>src\core</Filter>
    </ClInclude>
    <ClCompile Include="../../../src/core/SkScan_AAAPath.cpp">
      <Filter>src\core</Filter>
    </ClCompile>
    <ClCompile Include="../../../src/core/SkScan_DAAPath.cpp">
      <Filter>src\core</Filter>
    </ClCompile>
    <ClCompile Include="../../../src/core/SkScan_AntiPath.cpp">
      <Filter>src\core</Filter>
    </ClCompile>
    <ClCompile Include="../../../src/core/SkScan_Antihair.cpp">
      <Filter>src\core</Filter>
    </ClCompile>
    <ClCompile Include="../../../src/core/SkScan_Hairline.cpp">
      <Filter>src\core</Filter>
    </ClCompile>
    <ClCompile Include="../../../src/core/SkScan_Path.cpp">
      <Filter>src\core</Filter>
    </ClCompile>
    <ClCompile Include="../../../src/core/SkSemaphore.cpp">
      <Filter>src\core</Filter>
    </ClCompile>
    <ClCompile Include="../../../src/core/SkSharedMutex.cpp">
      <Filter>src\core</Filter>
    </ClCompile>
    <ClInclude Include="../../../src/core/SkSharedMutex.h">
      <Filter>src\core</Filter>
    </ClInclude>
    <ClInclude Include="../../../src/core/SkSinglyLinkedList.h">
      <Filter>src\core</Filter>
    </ClInclude>
    <ClCompile Include="../../../src/core/SkSpecialImage.cpp">
      <Filter>src\core</Filter>
    </ClCompile>
    <ClInclude Include="../../../src/core/SkSpecialImage.h">
      <Filter>src\core</Filter>
    </ClInclude>
    <ClCompile Include="../../../src/core/SkSpecialSurface.cpp">
      <Filter>src\core</Filter>
    </ClCompile>
    <ClInclude Include="../../../src/core/SkSpecialSurface.h">
      <Filter>src\core</Filter>
    </ClInclude>
    <ClCompile Include="../../../src/core/SkSpinlock.cpp">
      <Filter>src\core</Filter>
    </ClCompile>
    <ClCompile Include="../../../src/core/SkSpriteBlitter_ARGB32.cpp">
      <Filter>src\core</Filter>
    </ClCompile>
    <ClInclude Include="../../../src/core/SkSpriteBlitter.h">
      <Filter>src\core</Filter>
    </ClInclude>
    <ClCompile Include="../../../src/core/SkStream.cpp">
      <Filter>src\core</Filter>
    </ClCompile>
    <ClInclude Include="../../../src/core/SkStreamPriv.h">
      <Filter>src\core</Filter>
    </ClInclude>
    <ClCompile Include="../../../src/core/SkString.cpp">
      <Filter>src\core</Filter>
    </ClCompile>
    <ClCompile Include="../../../src/core/SkStringUtils.cpp">
      <Filter>src\core</Filter>
    </ClCompile>
    <ClInclude Include="../../../src/core/SkStroke.h">
      <Filter>src\core</Filter>
    </ClInclude>
    <ClCompile Include="../../../src/core/SkStroke.cpp">
      <Filter>src\core</Filter>
    </ClCompile>
    <ClCompile Include="../../../src/core/SkStrokeRec.cpp">
      <Filter>src\core</Filter>
    </ClCompile>
    <ClCompile Include="../../../src/core/SkStrokerPriv.cpp">
      <Filter>src\core</Filter>
    </ClCompile>
    <ClInclude Include="../../../src/core/SkStrokerPriv.h">
      <Filter>src\core</Filter>
    </ClInclude>
    <ClInclude Include="../../../src/core/SkSurfacePriv.h">
      <Filter>src\core</Filter>
    </ClInclude>
    <ClCompile Include="../../../src/core/SkSwizzle.cpp">
      <Filter>src\core</Filter>
    </ClCompile>
    <ClCompile Include="../../../src/core/SkSRGB.cpp">
      <Filter>src\core</Filter>
    </ClCompile>
    <ClCompile Include="../../../src/core/SkTaskGroup.cpp">
      <Filter>src\core</Filter>
    </ClCompile>
    <ClInclude Include="../../../src/core/SkTaskGroup.h">
      <Filter>src\core</Filter>
    </ClInclude>
    <ClInclude Include="../../../src/core/SkTDPQueue.h">
      <Filter>src\core</Filter>
    </ClInclude>
    <ClInclude Include="../../../src/core/SkTDynamicHash.h">
      <Filter>src\core</Filter>
    </ClInclude>
    <ClInclude Include="../../../src/core/SkTInternalLList.h">
      <Filter>src\core</Filter>
    </ClInclude>
    <ClCompile Include="../../../src/core/SkTextBlob.cpp">
      <Filter>src\core</Filter>
    </ClCompile>
    <ClInclude Include="../../../src/core/SkTextFormatParams.h">
      <Filter>src\core</Filter>
    </ClInclude>
    <ClInclude Include="../../../src/core/SkTextMapStateProc.h">
      <Filter>src\core</Filter>
    </ClInclude>
    <ClInclude Include="../../../src/core/SkTextToPathIter.h">
      <Filter>src\core</Filter>
    </ClInclude>
    <ClCompile Include="../../../src/core/SkTime.cpp">
      <Filter>src\core</Filter>
    </ClCompile>
    <ClInclude Include="../../../src/core/SkTDPQueue.h">
      <Filter>src\core</Filter>
    </ClInclude>
    <ClCompile Include="../../../src/core/SkThreadID.cpp">
      <Filter>src\core</Filter>
    </ClCompile>
    <ClInclude Include="../../../src/core/SkTLList.h">
      <Filter>src\core</Filter>
    </ClInclude>
    <ClCompile Include="../../../src/core/SkTLS.cpp">
      <Filter>src\core</Filter>
    </ClCompile>
    <ClInclude Include="../../../src/core/SkTMultiMap.h">
      <Filter>src\core</Filter>
    </ClInclude>
    <ClInclude Include="../../../src/core/SkTraceEvent.h">
      <Filter>src\core</Filter>
    </ClInclude>
    <ClInclude Include="../../../src/core/SkTraceEventCommon.h">
      <Filter>src\core</Filter>
    </ClInclude>
    <ClCompile Include="../../../src/core/SkTSearch.cpp">
      <Filter>src\core</Filter>
    </ClCompile>
    <ClInclude Include="../../../src/core/SkTSort.h">
      <Filter>src\core</Filter>
    </ClInclude>
    <ClInclude Include="../../../src/core/SkTTopoSort.h">
      <Filter>src\core</Filter>
    </ClInclude>
    <ClCompile Include="../../../src/core/SkTypeface.cpp">
      <Filter>src\core</Filter>
    </ClCompile>
    <ClCompile Include="../../../src/core/SkTypefaceCache.cpp">
      <Filter>src\core</Filter>
    </ClCompile>
    <ClInclude Include="../../../src/core/SkTypefaceCache.h">
      <Filter>src\core</Filter>
    </ClInclude>
    <ClInclude Include="../../../src/core/SkTypefacePriv.h">
      <Filter>src\core</Filter>
    </ClInclude>
    <ClCompile Include="../../../src/core/SkUnPreMultiply.cpp">
      <Filter>src\core</Filter>
    </ClCompile>
    <ClCompile Include="../../../src/core/SkUtils.cpp">
      <Filter>src\core</Filter>
    </ClCompile>
    <ClInclude Include="../../../src/core/SkUtils.h">
      <Filter>src\core</Filter>
    </ClInclude>
    <ClCompile Include="../../../src/core/SkValidatingReadBuffer.cpp">
      <Filter>src\core</Filter>
    </ClCompile>
    <ClInclude Include="../../../src/core/SkValidatingReadBuffer.h">
      <Filter>src\core</Filter>
    </ClInclude>
    <ClInclude Include="../../../src/core/SkValidationUtils.h">
      <Filter>src\core</Filter>
    </ClInclude>
    <ClCompile Include="../../../src/core/SkVertices.cpp">
      <Filter>src\core</Filter>
    </ClCompile>
    <ClCompile Include="../../../src/core/SkVertState.cpp">
      <Filter>src\core</Filter>
    </ClCompile>
    <ClCompile Include="../../../src/core/SkWriteBuffer.cpp">
      <Filter>src\core</Filter>
    </ClCompile>
    <ClCompile Include="../../../src/core/SkWriter32.cpp">
      <Filter>src\core</Filter>
    </ClCompile>
    <ClCompile Include="../../../src/core/SkXfermode.cpp">
      <Filter>src\core</Filter>
    </ClCompile>
    <ClCompile Include="../../../src/core/SkXfermodeInterpretation.cpp">
      <Filter>src\core</Filter>
    </ClCompile>
    <ClInclude Include="../../../src/core/SkXfermodeInterpretation.h">
      <Filter>src\core</Filter>
    </ClInclude>
    <ClCompile Include="../../../src/core/SkYUVPlanesCache.cpp">
      <Filter>src\core</Filter>
    </ClCompile>
    <ClInclude Include="../../../src/core/SkYUVPlanesCache.h">
      <Filter>src\core</Filter>
    </ClInclude>
    <ClCompile Include="../../../src/image/SkImage.cpp">
      <Filter>src\image</Filter>
    </ClCompile>
    <ClCompile Include="../../../src/image/SkImage_Lazy.cpp">
      <Filter>src\image</Filter>
    </ClCompile>
    <ClCompile Include="../../../src/image/SkImage_Raster.cpp">
      <Filter>src\image</Filter>
    </ClCompile>
    <ClCompile Include="../../../src/image/SkSurface.cpp">
      <Filter>src\image</Filter>
    </ClCompile>
    <ClInclude Include="../../../src/image/SkSurface_Base.h">
      <Filter>src\image</Filter>
    </ClInclude>
    <ClCompile Include="../../../src/image/SkSurface_Raster.cpp">
      <Filter>src\image</Filter>
    </ClCompile>
    <ClCompile Include="../../../src/pipe/SkPipeCanvas.cpp">
      <Filter>src\pipe</Filter>
    </ClCompile>
    <ClCompile Include="../../../src/pipe/SkPipeReader.cpp">
      <Filter>src\pipe</Filter>
    </ClCompile>
    <ClCompile Include="../../../src/shaders/SkBitmapProcShader.cpp">
      <Filter>src\shaders</Filter>
    </ClCompile>
    <ClInclude Include="../../../src/shaders/SkBitmapProcShader.h">
      <Filter>src\shaders</Filter>
    </ClInclude>
    <ClCompile Include="../../../src/shaders/SkColorFilterShader.cpp">
      <Filter>src\shaders</Filter>
    </ClCompile>
    <ClInclude Include="../../../src/shaders/SkColorFilterShader.h">
      <Filter>src\shaders</Filter>
    </ClInclude>
    <ClCompile Include="../../../src/shaders/SkColorShader.cpp">
      <Filter>src\shaders</Filter>
    </ClCompile>
    <ClInclude Include="../../../src/shaders/SkColorShader.h">
      <Filter>src\shaders</Filter>
    </ClInclude>
    <ClCompile Include="../../../src/shaders/SkComposeShader.cpp">
      <Filter>src\shaders</Filter>
    </ClCompile>
    <ClInclude Include="../../../src/shaders/SkComposeShader.h">
      <Filter>src\shaders</Filter>
    </ClInclude>
    <ClInclude Include="../../../src/shaders/SkEmptyShader.h">
      <Filter>src\shaders</Filter>
    </ClInclude>
    <ClCompile Include="../../../src/shaders/SkImageShader.cpp">
      <Filter>src\shaders</Filter>
    </ClCompile>
    <ClInclude Include="../../../src/shaders/SkImageShader.h">
      <Filter>src\shaders</Filter>
    </ClInclude>
    <ClCompile Include="../../../src/shaders/SkLocalMatrixShader.cpp">
      <Filter>src\shaders</Filter>
    </ClCompile>
    <ClInclude Include="../../../src/shaders/SkLocalMatrixShader.h">
      <Filter>src\shaders</Filter>
    </ClInclude>
    <ClCompile Include="../../../src/shaders/SkPictureShader.cpp">
      <Filter>src\shaders</Filter>
    </ClCompile>
    <ClInclude Include="../../../src/shaders/SkPictureShader.h">
      <Filter>src\shaders</Filter>
    </ClInclude>
    <ClCompile Include="../../../src/shaders/SkShader.cpp">
      <Filter>src\shaders</Filter>
    </ClCompile>
    <ClInclude Include="../../../src/shaders/SkShaderBase.h">
      <Filter>src\shaders</Filter>
    </ClInclude>
    <ClInclude Include="../../../include/core/SkBBHFactory.h">
      <Filter>include\core</Filter>
    </ClInclude>
    <ClInclude Include="../../../include/core/SkBitmap.h">
      <Filter>include\core</Filter>
    </ClInclude>
    <ClInclude Include="../../../include/core/SkCanvas.h">
      <Filter>include\core</Filter>
    </ClInclude>
    <ClInclude Include="../../../include/core/SkColor.h">
      <Filter>include\core</Filter>
    </ClInclude>
    <ClInclude Include="../../../include/core/SkColorFilter.h">
      <Filter>include\core</Filter>
    </ClInclude>
    <ClInclude Include="../../../include/core/SkColorPriv.h">
      <Filter>include\core</Filter>
    </ClInclude>
    <ClInclude Include="../../../include/core/SkData.h">
      <Filter>include\core</Filter>
    </ClInclude>
    <ClInclude Include="../../../include/core/SkDeque.h">
      <Filter>include\core</Filter>
    </ClInclude>
    <ClInclude Include="../../../include/core/SkDrawable.h">
      <Filter>include\core</Filter>
    </ClInclude>
    <ClInclude Include="../../../include/core/SkDrawFilter.h">
      <Filter>include\core</Filter>
    </ClInclude>
    <ClInclude Include="../../../include/core/SkDrawLooper.h">
      <Filter>include\core</Filter>
    </ClInclude>
    <ClInclude Include="../../../include/core/SkFlattenable.h">
      <Filter>include\core</Filter>
    </ClInclude>
    <ClInclude Include="../../../include/core/SkFlattenableSerialization.h">
      <Filter>include\core</Filter>
    </ClInclude>
    <ClInclude Include="../../../include/core/SkFontArguments.h">
      <Filter>include\core</Filter>
    </ClInclude>
    <ClInclude Include="../../../include/core/SkFontLCDConfig.h">
      <Filter>include\core</Filter>
    </ClInclude>
    <ClInclude Include="../../../include/core/SkFontStyle.h">
      <Filter>include\core</Filter>
    </ClInclude>
    <ClInclude Include="../../../include/core/SkGraphics.h">
      <Filter>include\core</Filter>
    </ClInclude>
    <ClInclude Include="../../../include/core/SkImage.h">
      <Filter>include\core</Filter>
    </ClInclude>
    <ClInclude Include="../../../include/core/SkImageEncoder.h">
      <Filter>include\core</Filter>
    </ClInclude>
    <ClInclude Include="../../../include/core/SkImageFilter.h">
      <Filter>include\core</Filter>
    </ClInclude>
    <ClInclude Include="../../../include/core/SkImageInfo.h">
      <Filter>include\core</Filter>
    </ClInclude>
    <ClInclude Include="../../../include/core/SkMallocPixelRef.h">
      <Filter>include\core</Filter>
    </ClInclude>
    <ClInclude Include="../../../include/core/SkMask.h">
      <Filter>include\core</Filter>
    </ClInclude>
    <ClInclude Include="../../../include/core/SkMaskFilter.h">
      <Filter>include\core</Filter>
    </ClInclude>
    <ClInclude Include="../../../include/core/SkMath.h">
      <Filter>include\core</Filter>
    </ClInclude>
    <ClInclude Include="../../../include/core/SkMatrix.h">
      <Filter>include\core</Filter>
    </ClInclude>
    <ClInclude Include="../../../include/core/SkMatrix44.h">
      <Filter>include\core</Filter>
    </ClInclude>
    <ClInclude Include="../../../include/core/SkMetaData.h">
      <Filter>include\core</Filter>
    </ClInclude>
    <ClInclude Include="../../../include/core/SkMultiPictureDraw.h">
      <Filter>include\core</Filter>
    </ClInclude>
    <ClInclude Include="../../../include/core/SkOverdrawCanvas.h">
      <Filter>include\core</Filter>
    </ClInclude>
    <ClInclude Include="../../../include/core/SkPaint.h">
      <Filter>include\core</Filter>
    </ClInclude>
    <ClInclude Include="../../../include/core/SkPath.h">
      <Filter>include\core</Filter>
    </ClInclude>
    <ClInclude Include="../../../include/core/SkPathEffect.h">
      <Filter>include\core</Filter>
    </ClInclude>
    <ClInclude Include="../../../include/core/SkPathMeasure.h">
      <Filter>include\core</Filter>
    </ClInclude>
    <ClInclude Include="../../../include/core/SkPicture.h">
      <Filter>include\core</Filter>
    </ClInclude>
    <ClInclude Include="../../../include/core/SkPictureAnalyzer.h">
      <Filter>include\core</Filter>
    </ClInclude>
    <ClInclude Include="../../../include/core/SkPictureRecorder.h">
      <Filter>include\core</Filter>
    </ClInclude>
    <ClInclude Include="../../../include/core/SkPixelRef.h">
      <Filter>include\core</Filter>
    </ClInclude>
    <ClInclude Include="../../../include/core/SkPoint.h">
      <Filter>include\core</Filter>
    </ClInclude>
    <ClInclude Include="../../../include/core/SkPoint3.h">
      <Filter>include\core</Filter>
    </ClInclude>
    <ClInclude Include="../../../include/core/SkPreConfig.h">
      <Filter>include\core</Filter>
    </ClInclude>
    <ClInclude Include="../../../include/core/SkRasterizer.h">
      <Filter>include\core</Filter>
    </ClInclude>
    <ClInclude Include="../../../include/core/SkRect.h">
      <Filter>include\core</Filter>
    </ClInclude>
    <ClInclude Include="../../../include/core/SkRefCnt.h">
      <Filter>include\core</Filter>
    </ClInclude>
    <ClInclude Include="../../../include/core/SkRegion.h">
      <Filter>include\core</Filter>
    </ClInclude>
    <ClInclude Include="../../../include/core/SkRRect.h">
      <Filter>include\core</Filter>
    </ClInclude>
    <ClInclude Include="../../../include/core/SkScalar.h">
      <Filter>include\core</Filter>
    </ClInclude>
    <ClInclude Include="../../../include/core/SkShader.h">
      <Filter>include\core</Filter>
    </ClInclude>
    <ClInclude Include="../../../include/core/SkStream.h">
      <Filter>include\core</Filter>
    </ClInclude>
    <ClInclude Include="../../../include/core/SkString.h">
      <Filter>include\core</Filter>
    </ClInclude>
    <ClInclude Include="../../../include/core/SkStrokeRec.h">
      <Filter>include\core</Filter>
    </ClInclude>
    <ClInclude Include="../../../include/core/SkSurface.h">
      <Filter>include\core</Filter>
    </ClInclude>
    <ClInclude Include="../../../include/core/SkSwizzle.h">
      <Filter>include\core</Filter>
    </ClInclude>
    <ClInclude Include="../../../include/core/SkTextBlob.h">
      <Filter>include\core</Filter>
    </ClInclude>
    <ClInclude Include="../../../include/core/SkTime.h">
      <Filter>include\core</Filter>
    </ClInclude>
    <ClInclude Include="../../../include/core/SkTLazy.h">
      <Filter>include\core</Filter>
    </ClInclude>
    <ClInclude Include="../../../include/core/SkTypeface.h">
      <Filter>include\core</Filter>
    </ClInclude>
    <ClInclude Include="../../../include/core/SkTypes.h">
      <Filter>include\core</Filter>
    </ClInclude>
    <ClInclude Include="../../../include/core/SkUnPreMultiply.h">
      <Filter>include\core</Filter>
    </ClInclude>
    <ClInclude Include="../../../include/core/SkVertices.h">
      <Filter>include\core</Filter>
    </ClInclude>
    <ClInclude Include="../../../include/core/SkWriter32.h">
      <Filter>include\core</Filter>
    </ClInclude>
    <ClInclude Include="../../../include/private/SkAtomics.h">
      <Filter>include\private</Filter>
    </ClInclude>
    <ClInclude Include="../../../include/private/SkChecksum.h">
      <Filter>include\private</Filter>
    </ClInclude>
    <ClInclude Include="../../../include/private/SkFixed.h">
      <Filter>include\private</Filter>
    </ClInclude>
    <ClInclude Include="../../../include/private/SkFloatBits.h">
      <Filter>include\private</Filter>
    </ClInclude>
    <ClInclude Include="../../../include/private/SkFloatingPoint.h">
      <Filter>include\private</Filter>
    </ClInclude>
    <ClInclude Include="../../../include/private/SkMalloc.h">
      <Filter>include\private</Filter>
    </ClInclude>
    <ClInclude Include="../../../include/private/SkMessageBus.h">
      <Filter>include\private</Filter>
    </ClInclude>
    <ClInclude Include="../../../include/private/SkMutex.h">
      <Filter>include\private</Filter>
    </ClInclude>
    <ClInclude Include="../../../include/private/SkOnce.h">
      <Filter>include\private</Filter>
    </ClInclude>
    <ClInclude Include="../../../include/private/SkPathRef.h">
      <Filter>include\private</Filter>
    </ClInclude>
    <ClInclude Include="../../../include/private/SkSemaphore.h">
      <Filter>include\private</Filter>
    </ClInclude>
    <ClInclude Include="../../../include/private/SkShadowFlags.h">
      <Filter>include\private</Filter>
    </ClInclude>
    <ClInclude Include="../../../include/private/SkSpinlock.h">
      <Filter>include\private</Filter>
    </ClInclude>
    <ClInclude Include="../../../include/private/SkTemplates.h">
      <Filter>include\private</Filter>
    </ClInclude>
    <ClInclude Include="../../../include/private/SkTArray.h">
      <Filter>include\private</Filter>
    </ClInclude>
    <ClInclude Include="../../../include/private/SkTDArray.h">
      <Filter>include\private</Filter>
    </ClInclude>
    <ClInclude Include="../../../include/private/SkTFitsIn.h">
      <Filter>include\private</Filter>
    </ClInclude>
    <ClInclude Include="../../../include/private/SkTHash.h">
      <Filter>include\private</Filter>
    </ClInclude>
    <ClInclude Include="../../../include/private/SkThreadID.h">
      <Filter>include\private</Filter>
    </ClInclude>
    <ClInclude Include="../../../include/private/SkTSearch.h">
      <Filter>include\private</Filter>
    </ClInclude>
    <ClInclude Include="../../../include/private/SkTLogic.h">
      <Filter>include\private</Filter>
    </ClInclude>
    <ClInclude Include="../../../include/private/SkWeakRefCnt.h">
      <Filter>include\private</Filter>
    </ClInclude>
    <ClInclude Include="../../../include/pathops/SkPathOps.h">
      <Filter>include\pathops</Filter>
    </ClInclude>
    <ClCompile Include="../../../src/pathops/SkAddIntersections.cpp">
      <Filter>src\pathops</Filter>
    </ClCompile>
    <ClCompile Include="../../../src/pathops/SkDConicLineIntersection.cpp">
      <Filter>src\pathops</Filter>
    </ClCompile>
    <ClCompile Include="../../../src/pathops/SkDCubicLineIntersection.cpp">
      <Filter>src\pathops</Filter>
    </ClCompile>
    <ClCompile Include="../../../src/pathops/SkDCubicToQuads.cpp">
      <Filter>src\pathops</Filter>
    </ClCompile>
    <ClCompile Include="../../../src/pathops/SkDLineIntersection.cpp">
      <Filter>src\pathops</Filter>
    </ClCompile>
    <ClCompile Include="../../../src/pathops/SkDQuadLineIntersection.cpp">
      <Filter>src\pathops</Filter>
    </ClCompile>
    <ClCompile Include="../../../src/pathops/SkIntersections.cpp">
      <Filter>src\pathops</Filter>
    </ClCompile>
    <ClCompile Include="../../../src/pathops/SkOpAngle.cpp">
      <Filter>src\pathops</Filter>
    </ClCompile>
    <ClCompile Include="../../../src/pathops/SkOpBuilder.cpp">
      <Filter>src\pathops</Filter>
    </ClCompile>
    <ClCompile Include="../../../src/pathops/SkOpCoincidence.cpp">
      <Filter>src\pathops</Filter>
    </ClCompile>
    <ClCompile Include="../../../src/pathops/SkOpContour.cpp">
      <Filter>src\pathops</Filter>
    </ClCompile>
    <ClCompile Include="../../../src/pathops/SkOpCubicHull.cpp">
      <Filter>src\pathops</Filter>
    </ClCompile>
    <ClCompile Include="../../../src/pathops/SkOpEdgeBuilder.cpp">
      <Filter>src\pathops</Filter>
    </ClCompile>
    <ClCompile Include="../../../src/pathops/SkOpSegment.cpp">
      <Filter>src\pathops</Filter>
    </ClCompile>
    <ClCompile Include="../../../src/pathops/SkOpSpan.cpp">
      <Filter>src\pathops</Filter>
    </ClCompile>
    <ClCompile Include="../../../src/pathops/SkPathOpsCommon.cpp">
      <Filter>src\pathops</Filter>
    </ClCompile>
    <ClCompile Include="../../../src/pathops/SkPathOpsConic.cpp">
      <Filter>src\pathops</Filter>
    </ClCompile>
    <ClCompile Include="../../../src/pathops/SkPathOpsCubic.cpp">
      <Filter>src\pathops</Filter>
    </ClCompile>
    <ClCompile Include="../../../src/pathops/SkPathOpsCurve.cpp">
      <Filter>src\pathops</Filter>
    </ClCompile>
    <ClCompile Include="../../../src/pathops/SkPathOpsDebug.cpp">
      <Filter>src\pathops</Filter>
    </ClCompile>
    <ClCompile Include="../../../src/pathops/SkPathOpsLine.cpp">
      <Filter>src\pathops</Filter>
    </ClCompile>
    <ClCompile Include="../../../src/pathops/SkPathOpsOp.cpp">
      <Filter>src\pathops</Filter>
    </ClCompile>
    <ClCompile Include="../../../src/pathops/SkPathOpsPoint.cpp">
      <Filter>src\pathops</Filter>
    </ClCompile>
    <ClCompile Include="../../../src/pathops/SkPathOpsQuad.cpp">
      <Filter>src\pathops</Filter>
    </ClCompile>
    <ClCompile Include="../../../src/pathops/SkPathOpsRect.cpp">
      <Filter>src\pathops</Filter>
    </ClCompile>
    <ClCompile Include="../../../src/pathops/SkPathOpsSimplify.cpp">
      <Filter>src\pathops</Filter>
    </ClCompile>
    <ClCompile Include="../../../src/pathops/SkPathOpsTSect.cpp">
      <Filter>src\pathops</Filter>
    </ClCompile>
    <ClCompile Include="../../../src/pathops/SkPathOpsTightBounds.cpp">
      <Filter>src\pathops</Filter>
    </ClCompile>
    <ClCompile Include="../../../src/pathops/SkPathOpsTypes.cpp">
      <Filter>src\pathops</Filter>
    </ClCompile>
    <ClCompile Include="../../../src/pathops/SkPathOpsWinding.cpp">
      <Filter>src\pathops</Filter>
    </ClCompile>
    <ClCompile Include="../../../src/pathops/SkPathWriter.cpp">
      <Filter>src\pathops</Filter>
    </ClCompile>
    <ClCompile Include="../../../src/pathops/SkReduceOrder.cpp">
      <Filter>src\pathops</Filter>
    </ClCompile>
    <ClInclude Include="../../../src/pathops/SkAddIntersections.h">
      <Filter>src\pathops</Filter>
    </ClInclude>
    <ClInclude Include="../../../src/pathops/SkIntersectionHelper.h">
      <Filter>src\pathops</Filter>
    </ClInclude>
    <ClInclude Include="../../../src/pathops/SkIntersections.h">
      <Filter>src\pathops</Filter>
    </ClInclude>
    <ClInclude Include="../../../src/pathops/SkLineParameters.h">
      <Filter>src\pathops</Filter>
    </ClInclude>
    <ClInclude Include="../../../src/pathops/SkOpAngle.h">
      <Filter>src\pathops</Filter>
    </ClInclude>
    <ClInclude Include="../../../src/pathops/SkOpCoincidence.h">
      <Filter>src\pathops</Filter>
    </ClInclude>
    <ClInclude Include="../../../src/pathops/SkOpContour.h">
      <Filter>src\pathops</Filter>
    </ClInclude>
    <ClInclude Include="../../../src/pathops/SkOpEdgeBuilder.h">
      <Filter>src\pathops</Filter>
    </ClInclude>
    <ClInclude Include="../../../src/pathops/SkOpSegment.h">
      <Filter>src\pathops</Filter>
    </ClInclude>
    <ClInclude Include="../../../src/pathops/SkOpSpan.h">
      <Filter>src\pathops</Filter>
    </ClInclude>
    <ClInclude Include="../../../src/pathops/SkPathOpsBounds.h">
      <Filter>src\pathops</Filter>
    </ClInclude>
    <ClInclude Include="../../../src/pathops/SkPathOpsCommon.h">
      <Filter>src\pathops</Filter>
    </ClInclude>
    <ClInclude Include="../../../src/pathops/SkPathOpsConic.h">
      <Filter>src\pathops</Filter>
    </ClInclude>
    <ClInclude Include="../../../src/pathops/SkPathOpsCubic.h">
      <Filter>src\pathops</Filter>
    </ClInclude>
    <ClInclude Include="../../../src/pathops/SkPathOpsCurve.h">
      <Filter>src\pathops</Filter>
    </ClInclude>
    <ClInclude Include="../../../src/pathops/SkPathOpsDebug.h">
      <Filter>src\pathops</Filter>
    </ClInclude>
    <ClInclude Include="../../../src/pathops/SkPathOpsLine.h">
      <Filter>src\pathops</Filter>
    </ClInclude>
    <ClInclude Include="../../../src/pathops/SkPathOpsPoint.h">
      <Filter>src\pathops</Filter>
    </ClInclude>
    <ClInclude Include="../../../src/pathops/SkPathOpsQuad.h">
      <Filter>src\pathops</Filter>
    </ClInclude>
    <ClInclude Include="../../../src/pathops/SkPathOpsRect.h">
      <Filter>src\pathops</Filter>
    </ClInclude>
    <ClInclude Include="../../../src/pathops/SkPathOpsTSect.h">
      <Filter>src\pathops</Filter>
    </ClInclude>
    <ClInclude Include="../../../src/pathops/SkPathOpsTypes.h">
      <Filter>src\pathops</Filter>
    </ClInclude>
    <ClInclude Include="../../../src/pathops/SkPathWriter.h">
      <Filter>src\pathops</Filter>
    </ClInclude>
    <ClInclude Include="../../../src/pathops/SkReduceOrder.h">
      <Filter>src\pathops</Filter>
    </ClInclude>
    <ClCompile Include="../../../src/jumper/SkJumper.cpp">
      <Filter>src\jumper</Filter>
    </ClCompile>
    <ClCompile Include="../../../src/jumper/SkJumper_stages.cpp">
      <Filter>src\jumper</Filter>
    </ClCompile>
    <ClInclude Include="../../../include/utils/SkFrontBufferedStream.h">
      <Filter>include\utils</Filter>
    </ClInclude>
    <ClInclude Include="../../../include/utils/SkCamera.h">
      <Filter>include\utils</Filter>
    </ClInclude>
    <ClInclude Include="../../../include/utils/SkCanvasStateUtils.h">
      <Filter>include\utils</Filter>
    </ClInclude>
    <ClInclude Include="../../../include/utils/SkDumpCanvas.h">
      <Filter>include\utils</Filter>
    </ClInclude>
    <ClInclude Include="../../../include/utils/SkEventTracer.h">
      <Filter>include\utils</Filter>
    </ClInclude>
    <ClInclude Include="../../../include/utils/SkInterpolator.h">
      <Filter>include\utils</Filter>
    </ClInclude>
    <ClInclude Include="../../../include/utils/SkNoDrawCanvas.h">
      <Filter>include\utils</Filter>
    </ClInclude>
    <ClInclude Include="../../../include/utils/SkNWayCanvas.h">
      <Filter>include\utils</Filter>
    </ClInclude>
    <ClInclude Include="../../../include/utils/SkNullCanvas.h">
      <Filter>include\utils</Filter>
    </ClInclude>
    <ClInclude Include="../../../include/utils/SkPaintFilterCanvas.h">
      <Filter>include\utils</Filter>
    </ClInclude>
    <ClInclude Include="../../../include/utils/SkParse.h">
      <Filter>include\utils</Filter>
    </ClInclude>
    <ClInclude Include="../../../include/utils/SkParsePath.h">
      <Filter>include\utils</Filter>
    </ClInclude>
    <ClInclude Include="../../../include/utils/SkRandom.h">
      <Filter>include\utils</Filter>
    </ClInclude>
    <ClInclude Include="../../../include/utils/SkShadowUtils.h">
      <Filter>include\utils</Filter>
    </ClInclude>
    <ClInclude Include="../../../include/utils/SkTextBox.h">
      <Filter>include\utils</Filter>
    </ClInclude>
    <ClCompile Include="../../../src/utils/SkBase64.cpp">
      <Filter>src\utils</Filter>
    </ClCompile>
    <ClInclude Include="../../../src/utils/SkBase64.h">
      <Filter>src\utils</Filter>
    </ClInclude>
    <ClCompile Include="../../../src/utils/SkBitmapSourceDeserializer.cpp">
      <Filter>src\utils</Filter>
    </ClCompile>
    <ClInclude Include="../../../src/utils/SkBitmapSourceDeserializer.h">
      <Filter>src\utils</Filter>
    </ClInclude>
    <ClInclude Include="../../../src/utils/SkBitSet.h">
      <Filter>src\utils</Filter>
    </ClInclude>
    <ClCompile Include="../../../src/utils/SkFrontBufferedStream.cpp">
      <Filter>src\utils</Filter>
    </ClCompile>
    <ClCompile Include="../../../src/utils/SkCamera.cpp">
      <Filter>src\utils</Filter>
    </ClCompile>
    <ClInclude Include="../../../src/utils/SkCanvasStack.h">
      <Filter>src\utils</Filter>
    </ClInclude>
    <ClCompile Include="../../../src/utils/SkCanvasStack.cpp">
      <Filter>src\utils</Filter>
    </ClCompile>
    <ClCompile Include="../../../src/utils/SkCanvasStateUtils.cpp">
      <Filter>src\utils</Filter>
    </ClCompile>
    <ClCompile Include="../../../src/utils/SkCurveMeasure.cpp">
      <Filter>src\utils</Filter>
    </ClCompile>
    <ClInclude Include="../../../src/utils/SkCurveMeasure.h">
      <Filter>src\utils</Filter>
    </ClInclude>
    <ClCompile Include="../../../src/utils/SkDashPath.cpp">
      <Filter>src\utils</Filter>
    </ClCompile>
    <ClInclude Include="../../../src/utils/SkDashPathPriv.h">
      <Filter>src\utils</Filter>
    </ClInclude>
    <ClCompile Include="../../../src/utils/SkDeferredCanvas.cpp">
      <Filter>src\utils</Filter>
    </ClCompile>
    <ClCompile Include="../../../src/utils/SkDumpCanvas.cpp">
      <Filter>src\utils</Filter>
    </ClCompile>
    <ClCompile Include="../../../src/utils/SkEventTracer.cpp">
      <Filter>src\utils</Filter>
    </ClCompile>
    <ClInclude Include="../../../src/utils/SkFloatUtils.h">
      <Filter>src\utils</Filter>
    </ClInclude>
    <ClCompile Include="../../../src/utils/SkInsetConvexPolygon.cpp">
      <Filter>src\utils</Filter>
    </ClCompile>
    <ClInclude Include="../../../src/utils/SkInsetConvexPolygon.h">
      <Filter>src\utils</Filter>
    </ClInclude>
    <ClCompile Include="../../../src/utils/SkInterpolator.cpp">
      <Filter>src\utils</Filter>
    </ClCompile>
    <ClCompile Include="../../../src/utils/SkJSONWriter.cpp">
      <Filter>src\utils</Filter>
    </ClCompile>
    <ClInclude Include="../../../src/utils/SkJSONWriter.h">
      <Filter>src\utils</Filter>
    </ClInclude>
    <ClCompile Include="../../../src/utils/SkMatrix22.cpp">
      <Filter>src\utils</Filter>
    </ClCompile>
    <ClInclude Include="../../../src/utils/SkMatrix22.h">
      <Filter>src\utils</Filter>
    </ClInclude>
    <ClCompile Include="../../../src/utils/SkNWayCanvas.cpp">
      <Filter>src\utils</Filter>
    </ClCompile>
    <ClCompile Include="../../../src/utils/SkNullCanvas.cpp">
      <Filter>src\utils</Filter>
    </ClCompile>
    <ClCompile Include="../../../src/utils/SkOSPath.cpp">
      <Filter>src\utils</Filter>
    </ClCompile>
    <ClInclude Include="../../../src/utils/SkOSPath.h">
      <Filter>src\utils</Filter>
    </ClInclude>
    <ClCompile Include="../../../src/utils/SkPaintFilterCanvas.cpp">
      <Filter>src\utils</Filter>
    </ClCompile>
    <ClCompile Include="../../../src/utils/SkParse.cpp">
      <Filter>src\utils</Filter>
    </ClCompile>
    <ClCompile Include="../../../src/utils/SkParseColor.cpp">
      <Filter>src\utils</Filter>
    </ClCompile>
    <ClCompile Include="../../../src/utils/SkParsePath.cpp">
      <Filter>src\utils</Filter>
    </ClCompile>
    <ClCompile Include="../../../src/utils/SkPatchUtils.cpp">
      <Filter>src\utils</Filter>
    </ClCompile>
    <ClInclude Include="../../../src/utils/SkPatchUtils.h">
      <Filter>src\utils</Filter>
    </ClInclude>
    <ClCompile Include="../../../src/utils/SkShadowTessellator.cpp">
      <Filter>src\utils</Filter>
    </ClCompile>
    <ClInclude Include="../../../src/utils/SkShadowTessellator.h">
      <Filter>src\utils</Filter>
    </ClInclude>
    <ClCompile Include="../../../src/utils/SkShadowUtils.cpp">
      <Filter>src\utils</Filter>
    </ClCompile>
    <ClCompile Include="../../../src/utils/SkTextBox.cpp">
      <Filter>src\utils</Filter>
    </ClCompile>
    <ClInclude Include="../../../src/utils/SkThreadUtils.h">
      <Filter>src\utils</Filter>
    </ClInclude>
    <ClInclude Include="../../../src/utils/SkThreadUtils_pthread.h">
      <Filter>src\utils</Filter>
    </ClInclude>
    <ClCompile Include="../../../src/utils/SkThreadUtils_win.cpp">
      <Filter>src\utils</Filter>
    </ClCompile>
    <ClInclude Include="../../../src/utils/SkThreadUtils_win.h">
      <Filter>src\utils</Filter>
    </ClInclude>
    <ClCompile Include="../../../src/utils/SkWhitelistTypefaces.cpp">
      <Filter>src\utils</Filter>
    </ClCompile>
    <ClInclude Include="../../../include/utils/mac/SkCGUtils.h">
      <Filter>include\utils\mac</Filter>
    </ClInclude>
    <ClCompile Include="../../../src/utils/mac/SkCreateCGImageRef.cpp">
      <Filter>src\utils\mac</Filter>
    </ClCompile>
    <ClInclude Include="../../../src/utils/win/SkAutoCoInitialize.h">
      <Filter>src\utils\win</Filter>
    </ClInclude>
    <ClCompile Include="../../../src/utils/win/SkAutoCoInitialize.cpp">
      <Filter>src\utils\win</Filter>
    </ClCompile>
    <ClInclude Include="../../../src/utils/win/SkDWrite.h">
      <Filter>src\utils\win</Filter>
    </ClInclude>
    <ClCompile Include="../../../src/utils/win/SkDWrite.cpp">
      <Filter>src\utils\win</Filter>
    </ClCompile>
    <ClCompile Include="../../../src/utils/win/SkDWriteFontFileStream.cpp">
      <Filter>src\utils\win</Filter>
    </ClCompile>
    <ClInclude Include="../../../src/utils/win/SkDWriteFontFileStream.h">
      <Filter>src\utils\win</Filter>
    </ClInclude>
    <ClCompile Include="../../../src/utils/win/SkDWriteGeometrySink.cpp">
      <Filter>src\utils\win</Filter>
    </ClCompile>
    <ClInclude Include="../../../src/utils/win/SkDWriteGeometrySink.h">
      <Filter>src\utils\win</Filter>
    </ClInclude>
    <ClInclude Include="../../../src/utils/win/SkHRESULT.h">
      <Filter>src\utils\win</Filter>
    </ClInclude>
    <ClCompile Include="../../../src/utils/win/SkHRESULT.cpp">
      <Filter>src\utils\win</Filter>
    </ClCompile>
    <ClInclude Include="../../../src/utils/win/SkIStream.h">
      <Filter>src\utils\win</Filter>
    </ClInclude>
    <ClCompile Include="../../../src/utils/win/SkIStream.cpp">
      <Filter>src\utils\win</Filter>
    </ClCompile>
    <ClInclude Include="../../../src/utils/win/SkTScopedComPtr.h">
      <Filter>src\utils\win</Filter>
    </ClInclude>
    <ClInclude Include="../../../src/utils/win/SkWGL.h">
      <Filter>src\utils\win</Filter>
    </ClInclude>
    <ClCompile Include="../../../src/utils/win/SkWGL_win.cpp">
      <Filter>src\utils\win</Filter>
    </ClCompile>
    <ClCompile Include="../../../src/fonts/SkRandomScalerContext.cpp">
      <Filter>src\fonts</Filter>
    </ClCompile>
    <ClInclude Include="../../../src/fonts/SkRandomScalerContext.h">
      <Filter>src\fonts</Filter>
    </ClInclude>
    <ClCompile Include="../../../src/fonts/SkTestScalerContext.cpp">
      <Filter>src\fonts</Filter>
    </ClCompile>
    <ClInclude Include="../../../src/fonts/SkTestScalerContext.h">
      <Filter>src\fonts</Filter>
    </ClInclude>
    <ClCompile Include="../../../src/android/SkAndroidFrameworkUtils.cpp">
      <Filter>src\android</Filter>
    </ClCompile>
    <ClCompile Include="../../../src/android/SkBitmapRegionCodec.cpp">
      <Filter>src\android</Filter>
    </ClCompile>
    <ClCompile Include="../../../src/android/SkBitmapRegionDecoder.cpp">
      <Filter>src\android</Filter>
    </ClCompile>
    <ClCompile Include="../../../src/codec/SkAndroidCodec.cpp">
      <Filter>src\codec</Filter>
    </ClCompile>
    <ClCompile Include="../../../src/codec/SkBmpBaseCodec.cpp">
      <Filter>src\codec</Filter>
    </ClCompile>
    <ClCompile Include="../../../src/codec/SkBmpCodec.cpp">
      <Filter>src\codec</Filter>
    </ClCompile>
    <ClCompile Include="../../../src/codec/SkBmpMaskCodec.cpp">
      <Filter>src\codec</Filter>
    </ClCompile>
    <ClCompile Include="../../../src/codec/SkBmpRLECodec.cpp">
      <Filter>src\codec</Filter>
    </ClCompile>
    <ClCompile Include="../../../src/codec/SkBmpStandardCodec.cpp">
      <Filter>src\codec</Filter>
    </ClCompile>
    <ClCompile Include="../../../src/codec/SkCodec.cpp">
      <Filter>src\codec</Filter>
    </ClCompile>
    <ClCompile Include="../../../src/codec/SkCodecImageGenerator.cpp">
      <Filter>src\codec</Filter>
    </ClCompile>
    <ClCompile Include="../../../src/codec/SkGifCodec.cpp">
      <Filter>src\codec</Filter>
    </ClCompile>
    <ClCompile Include="../../../src/codec/SkMaskSwizzler.cpp">
      <Filter>src\codec</Filter>
    </ClCompile>
    <ClCompile Include="../../../src/codec/SkMasks.cpp">
      <Filter>src\codec</Filter>
    </ClCompile>
    <ClCompile Include="../../../src/codec/SkSampledCodec.cpp">
      <Filter>src\codec</Filter>
    </ClCompile>
    <ClCompile Include="../../../src/codec/SkSampler.cpp">
      <Filter>src\codec</Filter>
    </ClCompile>
    <ClCompile Include="../../../src/codec/SkStreamBuffer.cpp">
      <Filter>src\codec</Filter>
    </ClCompile>
    <ClCompile Include="../../../src/codec/SkSwizzler.cpp">
      <Filter>src\codec</Filter>
    </ClCompile>
    <ClCompile Include="../../../src/codec/SkWbmpCodec.cpp">
      <Filter>src\codec</Filter>
    </ClCompile>
    <ClCompile Include="../../../src/images/SkImageEncoder.cpp">
      <Filter>src\images</Filter>
    </ClCompile>
    <ClCompile Include="../../../src/ports/SkDiscardableMemory_none.cpp">
      <Filter>src\ports</Filter>
    </ClCompile>
    <ClCompile Include="../../../src/ports/SkImageGenerator_skia.cpp">
      <Filter>src\ports</Filter>
    </ClCompile>
    <ClCompile Include="../../../src/ports/SkMemory_malloc.cpp">
      <Filter>src\ports</Filter>
    </ClCompile>
    <ClCompile Include="../../../src/ports/SkOSFile_stdio.cpp">
      <Filter>src\ports</Filter>
    </ClCompile>
    <ClCompile Include="../../../src/sfnt/SkOTTable_name.cpp">
      <Filter>src\sfnt</Filter>
    </ClCompile>
    <ClCompile Include="../../../src/sfnt/SkOTUtils.cpp">
      <Filter>src\sfnt</Filter>
    </ClCompile>
    <ClCompile Include="../../../src/utils/mac/SkStream_mac.cpp">
      <Filter>src\utils\mac</Filter>
    </ClCompile>
    <ClCompile Include="../../../third_party/gif/SkGifImageReader.cpp">
      <Filter>third_party\gif</Filter>
    </ClCompile>
    <ClCompile Include="../../../src/fonts/SkFontMgr_indirect.cpp">
      <Filter>src\fonts</Filter>
    </ClCompile>
    <ClCompile Include="../../../src/ports/SkDebug_win.cpp">
      <Filter>src\ports</Filter>
    </ClCompile>
    <ClCompile Include="../../../src/ports/SkFontHost_win.cpp">
      <Filter>src\ports</Filter>
    </ClCompile>
    <ClCompile Include="../../../src/ports/SkFontMgr_win_dw.cpp">
      <Filter>src\ports</Filter>
    </ClCompile>
    <ClCompile Include="../../../src/ports/SkImageEncoder_WIC.cpp">
      <Filter>src\ports</Filter>
    </ClCompile>
    <ClCompile Include="../../../src/ports/SkImageGeneratorWIC.cpp">
      <Filter>src\ports</Filter>
    </ClCompile>
    <ClCompile Include="../../../src/ports/SkOSFile_win.cpp">
      <Filter>src\ports</Filter>
    </ClCompile>
    <ClCompile Include="../../../src/ports/SkOSLibrary_win.cpp">
      <Filter>src\ports</Filter>
    </ClCompile>
    <ClCompile Include="../../../src/ports/SkScalerContext_win_dw.cpp">
      <Filter>src\ports</Filter>
    </ClCompile>
    <ClCompile Include="../../../src/ports/SkTLS_win.cpp">
      <Filter>src\ports</Filter>
    </ClCompile>
    <ClCompile Include="../../../src/ports/SkTypeface_win_dw.cpp">
      <Filter>src\ports</Filter>
    </ClCompile>
    <ClCompile Include="../../../src/ports/SkFontMgr_win_dw_factory.cpp">
      <Filter>src\ports</Filter>
    </ClCompile>
    <ClCompile Include="..\..\..\src\extention_dll\win\GLContext_angle.cpp">
      <Filter>src\extension_dll\win</Filter>
    </ClCompile>
    <ClCompile Include="..\..\..\src\ports\SkFontMgr_win_gdi_factory.cpp">
      <Filter>src\ports</Filter>
    </ClCompile>
    <ClCompile Include="..\..\..\tools\trace\SkChromeTracingTracer.cpp">
      <Filter>tools\trace</Filter>
    </ClCompile>
    <ClCompile Include="..\..\..\tools\trace\SkDebugfTracer.cpp">
      <Filter>tools\trace</Filter>
    </ClCompile>
    <ClCompile Include="..\..\..\tools\trace\SkEventTracingPriv.cpp">
      <Filter>tools\trace</Filter>
    </ClCompile>
  </ItemGroup>
  <ItemGroup>
    <ClInclude Include="../../../src/core/SkTDPQueue.h" />
    <ClInclude Include="..\..\..\src\extention_dll\win\GLContext_angle.h">
      <Filter>src\extension_dll\win</Filter>
    </ClInclude>
    <ClInclude Include="../../../src/core/SkTDPQueue.h" />
    <ClInclude Include="../../../src/core/SkTDPQueue.h" />
    <ClInclude Include="../../../src/core/SkTDPQueue.h" />
    <ClInclude Include="..\..\..\tools\trace\SkChromeTracingTracer.h">
      <Filter>tools\trace</Filter>
    </ClInclude>
    <ClInclude Include="..\..\..\tools\trace\SkDebugfTracer.h">
      <Filter>tools\trace</Filter>
    </ClInclude>
    <ClInclude Include="..\..\..\include\trace\SkEventTracing.h">
      <Filter>include\trace</Filter>
    </ClInclude>
    <ClInclude Include="..\..\..\tools\trace\SkEventTracingPriv.h">
      <Filter>tools\trace</Filter>
    </ClInclude>
  </ItemGroup>
  <ItemGroup>
    <CustomBuild Include="../../../src/jumper/SkJumper_generated_win.S">
      <Filter>src\jumper</Filter>
    </CustomBuild>
  </ItemGroup>
</Project>